// !$*UTF8*$!
{
	archiveVersion = 1;
	classes = {
	};
	objectVersion = 50;
	objects = {

/* Begin PBXBuildFile section */
		0D5136EA20F143760096FFE2 /* AITalkWebAPI.swift in Sources */ = {isa = PBXBuildFile; fileRef = 0D5136E920F143760096FFE2 /* AITalkWebAPI.swift */; };
		0D5136F420F143F90096FFE2 /* libsnowboy-detect.a in Frameworks */ = {isa = PBXBuildFile; fileRef = 0D5136ED20F143F90096FFE2 /* libsnowboy-detect.a */; };
		0D5136F520F143F90096FFE2 /* SnowboyWrapper.mm in Sources */ = {isa = PBXBuildFile; fileRef = 0D5136EE20F143F90096FFE2 /* SnowboyWrapper.mm */; };
		0D5136F620F143F90096FFE2 /* common.res in Resources */ = {isa = PBXBuildFile; fileRef = 0D5136EF20F143F90096FFE2 /* common.res */; };
		0D5136F720F143F90096FFE2 /* kingyo.pmdl in Resources */ = {isa = PBXBuildFile; fileRef = 0D5136F020F143F90096FFE2 /* kingyo.pmdl */; };
		0D85D91520F1C2E100FD2134 /* Starscream.framework in Frameworks */ = {isa = PBXBuildFile; fileRef = 0D85D91120F1C2E100FD2134 /* Starscream.framework */; };
		0D85D91620F1C2E100FD2134 /* Alamofire.framework in Frameworks */ = {isa = PBXBuildFile; fileRef = 0D85D91220F1C2E100FD2134 /* Alamofire.framework */; };
		0D85D91720F1C2E100FD2134 /* SpeechToTextV1.framework in Frameworks */ = {isa = PBXBuildFile; fileRef = 0D85D91320F1C2E100FD2134 /* SpeechToTextV1.framework */; };
		0D85D91820F1C2E100FD2134 /* SwiftyJSON.framework in Frameworks */ = {isa = PBXBuildFile; fileRef = 0D85D91420F1C2E100FD2134 /* SwiftyJSON.framework */; };
		0D85D91A20F1C2E700FD2134 /* Accelerate.framework in Frameworks */ = {isa = PBXBuildFile; fileRef = 0D85D91920F1C2E700FD2134 /* Accelerate.framework */; };
		0D85D92020F1C84500FD2134 /* SwiftGif.framework in Frameworks */ = {isa = PBXBuildFile; fileRef = 0D85D91F20F1C84500FD2134 /* SwiftGif.framework */; };
		0D85D92220F1CA3800FD2134 /* SwiftyGif.framework in Frameworks */ = {isa = PBXBuildFile; fileRef = 0D85D92120F1CA3800FD2134 /* SwiftyGif.framework */; };
		0D85D92420F1CBDC00FD2134 /* Credentials.swift in Sources */ = {isa = PBXBuildFile; fileRef = 0D85D92320F1CBDC00FD2134 /* Credentials.swift */; };
		8F3EB26D20F1BAE300F65799 /* logo.png in Resources */ = {isa = PBXBuildFile; fileRef = 8F3EB26C20F1BAE300F65799 /* logo.png */; };
		8F3EB26F20F1BB6E00F65799 /* sagasu.png in Resources */ = {isa = PBXBuildFile; fileRef = 8F3EB26E20F1BB6E00F65799 /* sagasu.png */; };
		8F3EB27120F1BCE400F65799 /* touroku.png in Resources */ = {isa = PBXBuildFile; fileRef = 8F3EB27020F1BCE400F65799 /* touroku.png */; };
		8F3EB27320F1C00C00F65799 /* sasisuseso.gif in Resources */ = {isa = PBXBuildFile; fileRef = 8F3EB27220F1C00C00F65799 /* sasisuseso.gif */; };
		8F62153720F145F700CC211A /* voice.png in Resources */ = {isa = PBXBuildFile; fileRef = 8F62153220F145F500CC211A /* voice.png */; };
		8F62153820F145F700CC211A /* btn_1.png in Resources */ = {isa = PBXBuildFile; fileRef = 8F62153320F145F600CC211A /* btn_1.png */; };
		8F62153920F145F700CC211A /* title.png in Resources */ = {isa = PBXBuildFile; fileRef = 8F62153420F145F600CC211A /* title.png */; };
		8F62153A20F145F700CC211A /* background.png in Resources */ = {isa = PBXBuildFile; fileRef = 8F62153520F145F600CC211A /* background.png */; };
		8F62153B20F145F700CC211A /* back.png in Resources */ = {isa = PBXBuildFile; fileRef = 8F62153620F145F700CC211A /* back.png */; };
		8FC892F220F0E3940062E74B /* AppDelegate.swift in Sources */ = {isa = PBXBuildFile; fileRef = 8FC892F120F0E3940062E74B /* AppDelegate.swift */; };
		8FC892F420F0E3940062E74B /* ViewController.swift in Sources */ = {isa = PBXBuildFile; fileRef = 8FC892F320F0E3940062E74B /* ViewController.swift */; };
		8FC892F720F0E3940062E74B /* Main.storyboard in Resources */ = {isa = PBXBuildFile; fileRef = 8FC892F520F0E3940062E74B /* Main.storyboard */; };
		8FC892F920F0E3950062E74B /* Assets.xcassets in Resources */ = {isa = PBXBuildFile; fileRef = 8FC892F820F0E3950062E74B /* Assets.xcassets */; };
		8FC892FC20F0E3950062E74B /* LaunchScreen.storyboard in Resources */ = {isa = PBXBuildFile; fileRef = 8FC892FA20F0E3950062E74B /* LaunchScreen.storyboard */; };
		8FC8930720F0E3950062E74B /* S5Tests.swift in Sources */ = {isa = PBXBuildFile; fileRef = 8FC8930620F0E3950062E74B /* S5Tests.swift */; };
		8FC8931220F0E3960062E74B /* S5UITests.swift in Sources */ = {isa = PBXBuildFile; fileRef = 8FC8931120F0E3960062E74B /* S5UITests.swift */; };
		8FC8932220F0ED460062E74B /* SelectBasicViewController.swift in Sources */ = {isa = PBXBuildFile; fileRef = 8FC8932120F0ED460062E74B /* SelectBasicViewController.swift */; };
		8FC8932620F0FFC80062E74B /* souce in Resources */ = {isa = PBXBuildFile; fileRef = 8FC8932520F0FFC80062E74B /* souce */; };
		8FC8932820F104840062E74B /* CustomTableViewCell.swift in Sources */ = {isa = PBXBuildFile; fileRef = 8FC8932720F104840062E74B /* CustomTableViewCell.swift */; };
/* End PBXBuildFile section */

/* Begin PBXContainerItemProxy section */
		8FC8930320F0E3950062E74B /* PBXContainerItemProxy */ = {
			isa = PBXContainerItemProxy;
			containerPortal = 8FC892E620F0E3940062E74B /* Project object */;
			proxyType = 1;
			remoteGlobalIDString = 8FC892ED20F0E3940062E74B;
			remoteInfo = S5;
		};
		8FC8930E20F0E3960062E74B /* PBXContainerItemProxy */ = {
			isa = PBXContainerItemProxy;
			containerPortal = 8FC892E620F0E3940062E74B /* Project object */;
			proxyType = 1;
			remoteGlobalIDString = 8FC892ED20F0E3940062E74B;
			remoteInfo = S5;
		};
/* End PBXContainerItemProxy section */

/* Begin PBXFileReference section */
		0D5136E920F143760096FFE2 /* AITalkWebAPI.swift */ = {isa = PBXFileReference; fileEncoding = 4; lastKnownFileType = sourcecode.swift; path = AITalkWebAPI.swift; sourceTree = "<group>"; };
		0D5136EC20F143F70096FFE2 /* S5-Bridging-Header.h */ = {isa = PBXFileReference; lastKnownFileType = sourcecode.c.h; path = "S5-Bridging-Header.h"; sourceTree = "<group>"; };
		0D5136ED20F143F90096FFE2 /* libsnowboy-detect.a */ = {isa = PBXFileReference; lastKnownFileType = archive.ar; path = "libsnowboy-detect.a"; sourceTree = "<group>"; };
		0D5136EE20F143F90096FFE2 /* SnowboyWrapper.mm */ = {isa = PBXFileReference; fileEncoding = 4; lastKnownFileType = sourcecode.cpp.objcpp; path = SnowboyWrapper.mm; sourceTree = "<group>"; };
		0D5136EF20F143F90096FFE2 /* common.res */ = {isa = PBXFileReference; lastKnownFileType = file; path = common.res; sourceTree = "<group>"; };
		0D5136F020F143F90096FFE2 /* kingyo.pmdl */ = {isa = PBXFileReference; lastKnownFileType = file; path = kingyo.pmdl; sourceTree = "<group>"; };
		0D5136F120F143F90096FFE2 /* SnowboyWrapper.h */ = {isa = PBXFileReference; fileEncoding = 4; lastKnownFileType = sourcecode.c.h; path = SnowboyWrapper.h; sourceTree = "<group>"; };
		0D5136F220F143F90096FFE2 /* snowboy-detect.h */ = {isa = PBXFileReference; fileEncoding = 4; lastKnownFileType = sourcecode.c.h; path = "snowboy-detect.h"; sourceTree = "<group>"; };
		0D85D91120F1C2E100FD2134 /* Starscream.framework */ = {isa = PBXFileReference; lastKnownFileType = wrapper.framework; name = Starscream.framework; path = Carthage/Build/iOS/Starscream.framework; sourceTree = "<group>"; };
		0D85D91220F1C2E100FD2134 /* Alamofire.framework */ = {isa = PBXFileReference; lastKnownFileType = wrapper.framework; name = Alamofire.framework; path = Carthage/Build/iOS/Alamofire.framework; sourceTree = "<group>"; };
		0D85D91320F1C2E100FD2134 /* SpeechToTextV1.framework */ = {isa = PBXFileReference; lastKnownFileType = wrapper.framework; name = SpeechToTextV1.framework; path = Carthage/Build/iOS/SpeechToTextV1.framework; sourceTree = "<group>"; };
		0D85D91420F1C2E100FD2134 /* SwiftyJSON.framework */ = {isa = PBXFileReference; lastKnownFileType = wrapper.framework; name = SwiftyJSON.framework; path = Carthage/Build/iOS/SwiftyJSON.framework; sourceTree = "<group>"; };
		0D85D91920F1C2E700FD2134 /* Accelerate.framework */ = {isa = PBXFileReference; lastKnownFileType = wrapper.framework; name = Accelerate.framework; path = System/Library/Frameworks/Accelerate.framework; sourceTree = SDKROOT; };
		0D85D91F20F1C84500FD2134 /* SwiftGif.framework */ = {isa = PBXFileReference; lastKnownFileType = wrapper.framework; name = SwiftGif.framework; path = Carthage/Build/iOS/SwiftGif.framework; sourceTree = "<group>"; };
		0D85D92120F1CA3800FD2134 /* SwiftyGif.framework */ = {isa = PBXFileReference; lastKnownFileType = wrapper.framework; name = SwiftyGif.framework; path = Carthage/Build/iOS/SwiftyGif.framework; sourceTree = "<group>"; };
		0D85D92320F1CBDC00FD2134 /* Credentials.swift */ = {isa = PBXFileReference; fileEncoding = 4; lastKnownFileType = sourcecode.swift; name = Credentials.swift; path = "../../../swift/speech-to-text-swift/Speech to Text/Credentials.swift"; sourceTree = "<group>"; };
		8F3EB26C20F1BAE300F65799 /* logo.png */ = {isa = PBXFileReference; lastKnownFileType = image.png; path = logo.png; sourceTree = "<group>"; };
		8F3EB26E20F1BB6E00F65799 /* sagasu.png */ = {isa = PBXFileReference; lastKnownFileType = image.png; path = sagasu.png; sourceTree = "<group>"; };
		8F3EB27020F1BCE400F65799 /* touroku.png */ = {isa = PBXFileReference; lastKnownFileType = image.png; path = touroku.png; sourceTree = "<group>"; };
		8F3EB27220F1C00C00F65799 /* sasisuseso.gif */ = {isa = PBXFileReference; lastKnownFileType = image.gif; path = sasisuseso.gif; sourceTree = "<group>"; };
		8F62153220F145F500CC211A /* voice.png */ = {isa = PBXFileReference; lastKnownFileType = image.png; path = voice.png; sourceTree = "<group>"; };
		8F62153320F145F600CC211A /* btn_1.png */ = {isa = PBXFileReference; lastKnownFileType = image.png; path = btn_1.png; sourceTree = "<group>"; };
		8F62153420F145F600CC211A /* title.png */ = {isa = PBXFileReference; lastKnownFileType = image.png; path = title.png; sourceTree = "<group>"; };
		8F62153520F145F600CC211A /* background.png */ = {isa = PBXFileReference; lastKnownFileType = image.png; path = background.png; sourceTree = "<group>"; };
		8F62153620F145F700CC211A /* back.png */ = {isa = PBXFileReference; lastKnownFileType = image.png; path = back.png; sourceTree = "<group>"; };
		8FC892EE20F0E3940062E74B /* S5.app */ = {isa = PBXFileReference; explicitFileType = wrapper.application; includeInIndex = 0; path = S5.app; sourceTree = BUILT_PRODUCTS_DIR; };
		8FC892F120F0E3940062E74B /* AppDelegate.swift */ = {isa = PBXFileReference; lastKnownFileType = sourcecode.swift; path = AppDelegate.swift; sourceTree = "<group>"; };
		8FC892F320F0E3940062E74B /* ViewController.swift */ = {isa = PBXFileReference; lastKnownFileType = sourcecode.swift; path = ViewController.swift; sourceTree = "<group>"; };
		8FC892F620F0E3940062E74B /* Base */ = {isa = PBXFileReference; lastKnownFileType = file.storyboard; name = Base; path = Base.lproj/Main.storyboard; sourceTree = "<group>"; };
		8FC892F820F0E3950062E74B /* Assets.xcassets */ = {isa = PBXFileReference; lastKnownFileType = folder.assetcatalog; path = Assets.xcassets; sourceTree = "<group>"; };
		8FC892FB20F0E3950062E74B /* Base */ = {isa = PBXFileReference; lastKnownFileType = file.storyboard; name = Base; path = Base.lproj/LaunchScreen.storyboard; sourceTree = "<group>"; };
		8FC892FD20F0E3950062E74B /* Info.plist */ = {isa = PBXFileReference; lastKnownFileType = text.plist.xml; path = Info.plist; sourceTree = "<group>"; };
		8FC8930220F0E3950062E74B /* S5Tests.xctest */ = {isa = PBXFileReference; explicitFileType = wrapper.cfbundle; includeInIndex = 0; path = S5Tests.xctest; sourceTree = BUILT_PRODUCTS_DIR; };
		8FC8930620F0E3950062E74B /* S5Tests.swift */ = {isa = PBXFileReference; lastKnownFileType = sourcecode.swift; path = S5Tests.swift; sourceTree = "<group>"; };
		8FC8930820F0E3950062E74B /* Info.plist */ = {isa = PBXFileReference; lastKnownFileType = text.plist.xml; path = Info.plist; sourceTree = "<group>"; };
		8FC8930D20F0E3960062E74B /* S5UITests.xctest */ = {isa = PBXFileReference; explicitFileType = wrapper.cfbundle; includeInIndex = 0; path = S5UITests.xctest; sourceTree = BUILT_PRODUCTS_DIR; };
		8FC8931120F0E3960062E74B /* S5UITests.swift */ = {isa = PBXFileReference; lastKnownFileType = sourcecode.swift; path = S5UITests.swift; sourceTree = "<group>"; };
		8FC8931320F0E3960062E74B /* Info.plist */ = {isa = PBXFileReference; lastKnownFileType = text.plist.xml; path = Info.plist; sourceTree = "<group>"; };
		8FC8932120F0ED460062E74B /* SelectBasicViewController.swift */ = {isa = PBXFileReference; lastKnownFileType = sourcecode.swift; path = SelectBasicViewController.swift; sourceTree = "<group>"; };
		8FC8932520F0FFC80062E74B /* souce */ = {isa = PBXFileReference; lastKnownFileType = folder; path = souce; sourceTree = "<group>"; };
		8FC8932720F104840062E74B /* CustomTableViewCell.swift */ = {isa = PBXFileReference; lastKnownFileType = sourcecode.swift; path = CustomTableViewCell.swift; sourceTree = "<group>"; };
/* End PBXFileReference section */

/* Begin PBXFrameworksBuildPhase section */
		8FC892EB20F0E3940062E74B /* Frameworks */ = {
			isa = PBXFrameworksBuildPhase;
			buildActionMask = 2147483647;
			files = (
				0D85D92220F1CA3800FD2134 /* SwiftyGif.framework in Frameworks */,
				0D85D92020F1C84500FD2134 /* SwiftGif.framework in Frameworks */,
				0D85D91A20F1C2E700FD2134 /* Accelerate.framework in Frameworks */,
				0D85D91520F1C2E100FD2134 /* Starscream.framework in Frameworks */,
				0D85D91620F1C2E100FD2134 /* Alamofire.framework in Frameworks */,
				0D85D91720F1C2E100FD2134 /* SpeechToTextV1.framework in Frameworks */,
				0D85D91820F1C2E100FD2134 /* SwiftyJSON.framework in Frameworks */,
				0D5136F420F143F90096FFE2 /* libsnowboy-detect.a in Frameworks */,
			);
			runOnlyForDeploymentPostprocessing = 0;
		};
		8FC892FF20F0E3950062E74B /* Frameworks */ = {
			isa = PBXFrameworksBuildPhase;
			buildActionMask = 2147483647;
			files = (
			);
			runOnlyForDeploymentPostprocessing = 0;
		};
		8FC8930A20F0E3960062E74B /* Frameworks */ = {
			isa = PBXFrameworksBuildPhase;
			buildActionMask = 2147483647;
			files = (
			);
			runOnlyForDeploymentPostprocessing = 0;
		};
/* End PBXFrameworksBuildPhase section */

/* Begin PBXGroup section */
		0D5136EB20F143DF0096FFE2 /* Snowboy Files */ = {
			isa = PBXGroup;
			children = (
				0D5136EF20F143F90096FFE2 /* common.res */,
				0D5136F020F143F90096FFE2 /* kingyo.pmdl */,
				0D5136ED20F143F90096FFE2 /* libsnowboy-detect.a */,
				0D5136F220F143F90096FFE2 /* snowboy-detect.h */,
				0D5136F120F143F90096FFE2 /* SnowboyWrapper.h */,
				0D5136EE20F143F90096FFE2 /* SnowboyWrapper.mm */,
				0D5136EC20F143F70096FFE2 /* S5-Bridging-Header.h */,
			);
			path = "Snowboy Files";
			sourceTree = "<group>";
		};
		8FC892E520F0E3940062E74B = {
			isa = PBXGroup;
			children = (
				8FC892F020F0E3940062E74B /* S5 */,
				8FC8930520F0E3950062E74B /* S5Tests */,
				8FC8931020F0E3960062E74B /* S5UITests */,
				8FC892EF20F0E3940062E74B /* Products */,
				BBA59BF07A70FCECFDE80C40 /* Frameworks */,
			);
			sourceTree = "<group>";
		};
		8FC892EF20F0E3940062E74B /* Products */ = {
			isa = PBXGroup;
			children = (
				8FC892EE20F0E3940062E74B /* S5.app */,
				8FC8930220F0E3950062E74B /* S5Tests.xctest */,
				8FC8930D20F0E3960062E74B /* S5UITests.xctest */,
			);
			name = Products;
			sourceTree = "<group>";
		};
		8FC892F020F0E3940062E74B /* S5 */ = {
			isa = PBXGroup;
			children = (
				0D5136EB20F143DF0096FFE2 /* Snowboy Files */,
				8FC8932520F0FFC80062E74B /* souce */,
				8FC892F120F0E3940062E74B /* AppDelegate.swift */,
				8FC892F320F0E3940062E74B /* ViewController.swift */,
				8FC8932120F0ED460062E74B /* SelectBasicViewController.swift */,
				0D5136E920F143760096FFE2 /* AITalkWebAPI.swift */,
				0D85D92320F1CBDC00FD2134 /* Credentials.swift */,
				8FC8932720F104840062E74B /* CustomTableViewCell.swift */,
				8FC892F520F0E3940062E74B /* Main.storyboard */,
				8F3EB27220F1C00C00F65799 /* sasisuseso.gif */,
				8F3EB27020F1BCE400F65799 /* touroku.png */,
				8F3EB26E20F1BB6E00F65799 /* sagasu.png */,
				8F3EB26C20F1BAE300F65799 /* logo.png */,
				8F62153620F145F700CC211A /* back.png */,
				8F62153520F145F600CC211A /* background.png */,
				8F62153320F145F600CC211A /* btn_1.png */,
				8F62153420F145F600CC211A /* title.png */,
				8F62153220F145F500CC211A /* voice.png */,
				8FC892F820F0E3950062E74B /* Assets.xcassets */,
				8FC892FA20F0E3950062E74B /* LaunchScreen.storyboard */,
				8FC892FD20F0E3950062E74B /* Info.plist */,
			);
			path = S5;
			sourceTree = "<group>";
		};
		8FC8930520F0E3950062E74B /* S5Tests */ = {
			isa = PBXGroup;
			children = (
				8FC8930620F0E3950062E74B /* S5Tests.swift */,
				8FC8930820F0E3950062E74B /* Info.plist */,
			);
			path = S5Tests;
			sourceTree = "<group>";
		};
		8FC8931020F0E3960062E74B /* S5UITests */ = {
			isa = PBXGroup;
			children = (
				8FC8931120F0E3960062E74B /* S5UITests.swift */,
				8FC8931320F0E3960062E74B /* Info.plist */,
			);
			path = S5UITests;
			sourceTree = "<group>";
		};
		BBA59BF07A70FCECFDE80C40 /* Frameworks */ = {
			isa = PBXGroup;
			children = (
				0D85D92120F1CA3800FD2134 /* SwiftyGif.framework */,
				0D85D91F20F1C84500FD2134 /* SwiftGif.framework */,
				0D85D91920F1C2E700FD2134 /* Accelerate.framework */,
				0D85D91220F1C2E100FD2134 /* Alamofire.framework */,
				0D85D91320F1C2E100FD2134 /* SpeechToTextV1.framework */,
				0D85D91120F1C2E100FD2134 /* Starscream.framework */,
				0D85D91420F1C2E100FD2134 /* SwiftyJSON.framework */,
			);
			name = Frameworks;
			sourceTree = "<group>";
		};
/* End PBXGroup section */

/* Begin PBXNativeTarget section */
		8FC892ED20F0E3940062E74B /* S5 */ = {
			isa = PBXNativeTarget;
			buildConfigurationList = 8FC8931620F0E3960062E74B /* Build configuration list for PBXNativeTarget "S5" */;
			buildPhases = (
				8FC892EA20F0E3940062E74B /* Sources */,
				8FC892EB20F0E3940062E74B /* Frameworks */,
				8FC892EC20F0E3940062E74B /* Resources */,
				0D85D91020F1C26100FD2134 /* ShellScript */,
			);
			buildRules = (
			);
			dependencies = (
			);
			name = S5;
			productName = S5;
			productReference = 8FC892EE20F0E3940062E74B /* S5.app */;
			productType = "com.apple.product-type.application";
		};
		8FC8930120F0E3950062E74B /* S5Tests */ = {
			isa = PBXNativeTarget;
			buildConfigurationList = 8FC8931920F0E3960062E74B /* Build configuration list for PBXNativeTarget "S5Tests" */;
			buildPhases = (
				56EA2E7B37481DDA208233C2 /* [CP] Check Pods Manifest.lock */,
				8FC892FE20F0E3950062E74B /* Sources */,
				8FC892FF20F0E3950062E74B /* Frameworks */,
				8FC8930020F0E3950062E74B /* Resources */,
			);
			buildRules = (
			);
			dependencies = (
				8FC8930420F0E3950062E74B /* PBXTargetDependency */,
			);
			name = S5Tests;
			productName = S5Tests;
			productReference = 8FC8930220F0E3950062E74B /* S5Tests.xctest */;
			productType = "com.apple.product-type.bundle.unit-test";
		};
		8FC8930C20F0E3960062E74B /* S5UITests */ = {
			isa = PBXNativeTarget;
			buildConfigurationList = 8FC8931C20F0E3960062E74B /* Build configuration list for PBXNativeTarget "S5UITests" */;
			buildPhases = (
				382CCF5E68E83C29D81D4393 /* [CP] Check Pods Manifest.lock */,
				8FC8930920F0E3960062E74B /* Sources */,
				8FC8930A20F0E3960062E74B /* Frameworks */,
				8FC8930B20F0E3960062E74B /* Resources */,
			);
			buildRules = (
			);
			dependencies = (
				8FC8930F20F0E3960062E74B /* PBXTargetDependency */,
			);
			name = S5UITests;
			productName = S5UITests;
			productReference = 8FC8930D20F0E3960062E74B /* S5UITests.xctest */;
			productType = "com.apple.product-type.bundle.ui-testing";
		};
/* End PBXNativeTarget section */

/* Begin PBXProject section */
		8FC892E620F0E3940062E74B /* Project object */ = {
			isa = PBXProject;
			attributes = {
				LastSwiftUpdateCheck = 0930;
				LastUpgradeCheck = 0930;
				ORGANIZATIONNAME = manji;
				TargetAttributes = {
					8FC892ED20F0E3940062E74B = {
						CreatedOnToolsVersion = 9.3;
						LastSwiftMigration = 0940;
					};
					8FC8930120F0E3950062E74B = {
						CreatedOnToolsVersion = 9.3;
						TestTargetID = 8FC892ED20F0E3940062E74B;
					};
					8FC8930C20F0E3960062E74B = {
						CreatedOnToolsVersion = 9.3;
						TestTargetID = 8FC892ED20F0E3940062E74B;
					};
				};
			};
			buildConfigurationList = 8FC892E920F0E3940062E74B /* Build configuration list for PBXProject "S5" */;
			compatibilityVersion = "Xcode 9.3";
			developmentRegion = en;
			hasScannedForEncodings = 0;
			knownRegions = (
				en,
				Base,
			);
			mainGroup = 8FC892E520F0E3940062E74B;
			productRefGroup = 8FC892EF20F0E3940062E74B /* Products */;
			projectDirPath = "";
			projectRoot = "";
			targets = (
				8FC892ED20F0E3940062E74B /* S5 */,
				8FC8930120F0E3950062E74B /* S5Tests */,
				8FC8930C20F0E3960062E74B /* S5UITests */,
			);
		};
/* End PBXProject section */

/* Begin PBXResourcesBuildPhase section */
		8FC892EC20F0E3940062E74B /* Resources */ = {
			isa = PBXResourcesBuildPhase;
			buildActionMask = 2147483647;
			files = (
				8FC8932620F0FFC80062E74B /* souce in Resources */,
				8F62153A20F145F700CC211A /* background.png in Resources */,
				8F62153B20F145F700CC211A /* back.png in Resources */,
				8FC892FC20F0E3950062E74B /* LaunchScreen.storyboard in Resources */,
				8F62153920F145F700CC211A /* title.png in Resources */,
				8F62153820F145F700CC211A /* btn_1.png in Resources */,
				8F62153720F145F700CC211A /* voice.png in Resources */,
				8F3EB27320F1C00C00F65799 /* sasisuseso.gif in Resources */,
				8FC892F920F0E3950062E74B /* Assets.xcassets in Resources */,
				8F3EB26D20F1BAE300F65799 /* logo.png in Resources */,
				8F3EB27120F1BCE400F65799 /* touroku.png in Resources */,
				8FC892F720F0E3940062E74B /* Main.storyboard in Resources */,
				0D5136F620F143F90096FFE2 /* common.res in Resources */,
				0D5136F720F143F90096FFE2 /* kingyo.pmdl in Resources */,
				8F3EB26F20F1BB6E00F65799 /* sagasu.png in Resources */,
			);
			runOnlyForDeploymentPostprocessing = 0;
		};
		8FC8930020F0E3950062E74B /* Resources */ = {
			isa = PBXResourcesBuildPhase;
			buildActionMask = 2147483647;
			files = (
			);
			runOnlyForDeploymentPostprocessing = 0;
		};
		8FC8930B20F0E3960062E74B /* Resources */ = {
			isa = PBXResourcesBuildPhase;
			buildActionMask = 2147483647;
			files = (
			);
			runOnlyForDeploymentPostprocessing = 0;
		};
/* End PBXResourcesBuildPhase section */

/* Begin PBXShellScriptBuildPhase section */
		0D85D91020F1C26100FD2134 /* ShellScript */ = {
			isa = PBXShellScriptBuildPhase;
			buildActionMask = 2147483647;
			files = (
			);
			inputPaths = (
				"$(SRCROOT)/Carthage/Build/iOS/SpeechToTextV1.framework",
				"$(SRCROOT)/Carthage/Build/iOS/Starscream.framework",
				"$(SRCROOT)/Carthage/Build/iOS/Alamofire.framework",
				"$(SRCROOT)/Carthage/Build/iOS/SwiftyJSON.framework",
				"$(SRCROOT)/Carthage/Build/iOS/SwiftGif.framework",
				"$(SRCROOT)/Carthage/Build/iOS/SwiftyGif.framework",
			);
			outputPaths = (
			);
			runOnlyForDeploymentPostprocessing = 0;
			shellPath = /bin/sh;
			shellScript = "/usr/local/bin/carthage copy-frameworks";
		};
		382CCF5E68E83C29D81D4393 /* [CP] Check Pods Manifest.lock */ = {
			isa = PBXShellScriptBuildPhase;
			buildActionMask = 2147483647;
			files = (
			);
			inputPaths = (
				"${PODS_PODFILE_DIR_PATH}/Podfile.lock",
				"${PODS_ROOT}/Manifest.lock",
			);
			name = "[CP] Check Pods Manifest.lock";
			outputPaths = (
				"$(DERIVED_FILE_DIR)/Pods-S5UITests-checkManifestLockResult.txt",
			);
			runOnlyForDeploymentPostprocessing = 0;
			shellPath = /bin/sh;
			shellScript = "diff \"${PODS_PODFILE_DIR_PATH}/Podfile.lock\" \"${PODS_ROOT}/Manifest.lock\" > /dev/null\nif [ $? != 0 ] ; then\n    # print error to STDERR\n    echo \"error: The sandbox is not in sync with the Podfile.lock. Run 'pod install' or update your CocoaPods installation.\" >&2\n    exit 1\nfi\n# This output is used by Xcode 'outputs' to avoid re-running this script phase.\necho \"SUCCESS\" > \"${SCRIPT_OUTPUT_FILE_0}\"\n";
			showEnvVarsInLog = 0;
		};
		56EA2E7B37481DDA208233C2 /* [CP] Check Pods Manifest.lock */ = {
			isa = PBXShellScriptBuildPhase;
			buildActionMask = 2147483647;
			files = (
			);
			inputPaths = (
				"${PODS_PODFILE_DIR_PATH}/Podfile.lock",
				"${PODS_ROOT}/Manifest.lock",
			);
			name = "[CP] Check Pods Manifest.lock";
			outputPaths = (
				"$(DERIVED_FILE_DIR)/Pods-S5Tests-checkManifestLockResult.txt",
			);
			runOnlyForDeploymentPostprocessing = 0;
			shellPath = /bin/sh;
			shellScript = "diff \"${PODS_PODFILE_DIR_PATH}/Podfile.lock\" \"${PODS_ROOT}/Manifest.lock\" > /dev/null\nif [ $? != 0 ] ; then\n    # print error to STDERR\n    echo \"error: The sandbox is not in sync with the Podfile.lock. Run 'pod install' or update your CocoaPods installation.\" >&2\n    exit 1\nfi\n# This output is used by Xcode 'outputs' to avoid re-running this script phase.\necho \"SUCCESS\" > \"${SCRIPT_OUTPUT_FILE_0}\"\n";
			showEnvVarsInLog = 0;
		};
/* End PBXShellScriptBuildPhase section */

/* Begin PBXSourcesBuildPhase section */
		8FC892EA20F0E3940062E74B /* Sources */ = {
			isa = PBXSourcesBuildPhase;
			buildActionMask = 2147483647;
			files = (
				8FC892F420F0E3940062E74B /* ViewController.swift in Sources */,
				8FC8932220F0ED460062E74B /* SelectBasicViewController.swift in Sources */,
				8FC8932820F104840062E74B /* CustomTableViewCell.swift in Sources */,
				0D85D92420F1CBDC00FD2134 /* Credentials.swift in Sources */,
				0D5136F520F143F90096FFE2 /* SnowboyWrapper.mm in Sources */,
				8FC892F220F0E3940062E74B /* AppDelegate.swift in Sources */,
				0D5136EA20F143760096FFE2 /* AITalkWebAPI.swift in Sources */,
			);
			runOnlyForDeploymentPostprocessing = 0;
		};
		8FC892FE20F0E3950062E74B /* Sources */ = {
			isa = PBXSourcesBuildPhase;
			buildActionMask = 2147483647;
			files = (
				8FC8930720F0E3950062E74B /* S5Tests.swift in Sources */,
			);
			runOnlyForDeploymentPostprocessing = 0;
		};
		8FC8930920F0E3960062E74B /* Sources */ = {
			isa = PBXSourcesBuildPhase;
			buildActionMask = 2147483647;
			files = (
				8FC8931220F0E3960062E74B /* S5UITests.swift in Sources */,
			);
			runOnlyForDeploymentPostprocessing = 0;
		};
/* End PBXSourcesBuildPhase section */

/* Begin PBXTargetDependency section */
		8FC8930420F0E3950062E74B /* PBXTargetDependency */ = {
			isa = PBXTargetDependency;
			target = 8FC892ED20F0E3940062E74B /* S5 */;
			targetProxy = 8FC8930320F0E3950062E74B /* PBXContainerItemProxy */;
		};
		8FC8930F20F0E3960062E74B /* PBXTargetDependency */ = {
			isa = PBXTargetDependency;
			target = 8FC892ED20F0E3940062E74B /* S5 */;
			targetProxy = 8FC8930E20F0E3960062E74B /* PBXContainerItemProxy */;
		};
/* End PBXTargetDependency section */

/* Begin PBXVariantGroup section */
		8FC892F520F0E3940062E74B /* Main.storyboard */ = {
			isa = PBXVariantGroup;
			children = (
				8FC892F620F0E3940062E74B /* Base */,
			);
			name = Main.storyboard;
			sourceTree = "<group>";
		};
		8FC892FA20F0E3950062E74B /* LaunchScreen.storyboard */ = {
			isa = PBXVariantGroup;
			children = (
				8FC892FB20F0E3950062E74B /* Base */,
			);
			name = LaunchScreen.storyboard;
			sourceTree = "<group>";
		};
/* End PBXVariantGroup section */

/* Begin XCBuildConfiguration section */
		8FC8931420F0E3960062E74B /* Debug */ = {
			isa = XCBuildConfiguration;
			buildSettings = {
				ALWAYS_SEARCH_USER_PATHS = NO;
				CLANG_ANALYZER_NONNULL = YES;
				CLANG_ANALYZER_NUMBER_OBJECT_CONVERSION = YES_AGGRESSIVE;
				CLANG_CXX_LANGUAGE_STANDARD = "gnu++14";
				CLANG_CXX_LIBRARY = "libc++";
				CLANG_ENABLE_MODULES = YES;
				CLANG_ENABLE_OBJC_ARC = YES;
				CLANG_ENABLE_OBJC_WEAK = YES;
				CLANG_WARN_BLOCK_CAPTURE_AUTORELEASING = YES;
				CLANG_WARN_BOOL_CONVERSION = YES;
				CLANG_WARN_COMMA = YES;
				CLANG_WARN_CONSTANT_CONVERSION = YES;
				CLANG_WARN_DEPRECATED_OBJC_IMPLEMENTATIONS = YES;
				CLANG_WARN_DIRECT_OBJC_ISA_USAGE = YES_ERROR;
				CLANG_WARN_DOCUMENTATION_COMMENTS = YES;
				CLANG_WARN_EMPTY_BODY = YES;
				CLANG_WARN_ENUM_CONVERSION = YES;
				CLANG_WARN_INFINITE_RECURSION = YES;
				CLANG_WARN_INT_CONVERSION = YES;
				CLANG_WARN_NON_LITERAL_NULL_CONVERSION = YES;
				CLANG_WARN_OBJC_IMPLICIT_RETAIN_SELF = YES;
				CLANG_WARN_OBJC_LITERAL_CONVERSION = YES;
				CLANG_WARN_OBJC_ROOT_CLASS = YES_ERROR;
				CLANG_WARN_RANGE_LOOP_ANALYSIS = YES;
				CLANG_WARN_STRICT_PROTOTYPES = YES;
				CLANG_WARN_SUSPICIOUS_MOVE = YES;
				CLANG_WARN_UNGUARDED_AVAILABILITY = YES_AGGRESSIVE;
				CLANG_WARN_UNREACHABLE_CODE = YES;
				CLANG_WARN__DUPLICATE_METHOD_MATCH = YES;
				CODE_SIGN_IDENTITY = "iPhone Developer";
				COPY_PHASE_STRIP = NO;
				DEBUG_INFORMATION_FORMAT = dwarf;
				ENABLE_STRICT_OBJC_MSGSEND = YES;
				ENABLE_TESTABILITY = YES;
				GCC_C_LANGUAGE_STANDARD = gnu11;
				GCC_DYNAMIC_NO_PIC = NO;
				GCC_NO_COMMON_BLOCKS = YES;
				GCC_OPTIMIZATION_LEVEL = 0;
				GCC_PREPROCESSOR_DEFINITIONS = (
					"DEBUG=1",
					"$(inherited)",
				);
				GCC_WARN_64_TO_32_BIT_CONVERSION = YES;
				GCC_WARN_ABOUT_RETURN_TYPE = YES_ERROR;
				GCC_WARN_UNDECLARED_SELECTOR = YES;
				GCC_WARN_UNINITIALIZED_AUTOS = YES_AGGRESSIVE;
				GCC_WARN_UNUSED_FUNCTION = YES;
				GCC_WARN_UNUSED_VARIABLE = YES;
				IPHONEOS_DEPLOYMENT_TARGET = 11.3;
				MTL_ENABLE_DEBUG_INFO = YES;
				ONLY_ACTIVE_ARCH = YES;
				SDKROOT = iphoneos;
				SWIFT_ACTIVE_COMPILATION_CONDITIONS = DEBUG;
				SWIFT_OPTIMIZATION_LEVEL = "-Onone";
			};
			name = Debug;
		};
		8FC8931520F0E3960062E74B /* Release */ = {
			isa = XCBuildConfiguration;
			buildSettings = {
				ALWAYS_SEARCH_USER_PATHS = NO;
				CLANG_ANALYZER_NONNULL = YES;
				CLANG_ANALYZER_NUMBER_OBJECT_CONVERSION = YES_AGGRESSIVE;
				CLANG_CXX_LANGUAGE_STANDARD = "gnu++14";
				CLANG_CXX_LIBRARY = "libc++";
				CLANG_ENABLE_MODULES = YES;
				CLANG_ENABLE_OBJC_ARC = YES;
				CLANG_ENABLE_OBJC_WEAK = YES;
				CLANG_WARN_BLOCK_CAPTURE_AUTORELEASING = YES;
				CLANG_WARN_BOOL_CONVERSION = YES;
				CLANG_WARN_COMMA = YES;
				CLANG_WARN_CONSTANT_CONVERSION = YES;
				CLANG_WARN_DEPRECATED_OBJC_IMPLEMENTATIONS = YES;
				CLANG_WARN_DIRECT_OBJC_ISA_USAGE = YES_ERROR;
				CLANG_WARN_DOCUMENTATION_COMMENTS = YES;
				CLANG_WARN_EMPTY_BODY = YES;
				CLANG_WARN_ENUM_CONVERSION = YES;
				CLANG_WARN_INFINITE_RECURSION = YES;
				CLANG_WARN_INT_CONVERSION = YES;
				CLANG_WARN_NON_LITERAL_NULL_CONVERSION = YES;
				CLANG_WARN_OBJC_IMPLICIT_RETAIN_SELF = YES;
				CLANG_WARN_OBJC_LITERAL_CONVERSION = YES;
				CLANG_WARN_OBJC_ROOT_CLASS = YES_ERROR;
				CLANG_WARN_RANGE_LOOP_ANALYSIS = YES;
				CLANG_WARN_STRICT_PROTOTYPES = YES;
				CLANG_WARN_SUSPICIOUS_MOVE = YES;
				CLANG_WARN_UNGUARDED_AVAILABILITY = YES_AGGRESSIVE;
				CLANG_WARN_UNREACHABLE_CODE = YES;
				CLANG_WARN__DUPLICATE_METHOD_MATCH = YES;
				CODE_SIGN_IDENTITY = "iPhone Developer";
				COPY_PHASE_STRIP = NO;
				DEBUG_INFORMATION_FORMAT = "dwarf-with-dsym";
				ENABLE_NS_ASSERTIONS = NO;
				ENABLE_STRICT_OBJC_MSGSEND = YES;
				GCC_C_LANGUAGE_STANDARD = gnu11;
				GCC_NO_COMMON_BLOCKS = YES;
				GCC_WARN_64_TO_32_BIT_CONVERSION = YES;
				GCC_WARN_ABOUT_RETURN_TYPE = YES_ERROR;
				GCC_WARN_UNDECLARED_SELECTOR = YES;
				GCC_WARN_UNINITIALIZED_AUTOS = YES_AGGRESSIVE;
				GCC_WARN_UNUSED_FUNCTION = YES;
				GCC_WARN_UNUSED_VARIABLE = YES;
				IPHONEOS_DEPLOYMENT_TARGET = 11.3;
				MTL_ENABLE_DEBUG_INFO = NO;
				SDKROOT = iphoneos;
				SWIFT_COMPILATION_MODE = wholemodule;
				SWIFT_OPTIMIZATION_LEVEL = "-O";
				VALIDATE_PRODUCT = YES;
			};
			name = Release;
		};
		8FC8931720F0E3960062E74B /* Debug */ = {
			isa = XCBuildConfiguration;
			buildSettings = {
				ASSETCATALOG_COMPILER_APPICON_NAME = AppIcon;
				CLANG_ENABLE_MODULES = YES;
				CODE_SIGN_STYLE = Automatic;
				DEVELOPMENT_TEAM = 64LEQXTB98;
				FRAMEWORK_SEARCH_PATHS = (
					"$(inherited)",
					"$(PROJECT_DIR)/Carthage/Build/iOS",
				);
				INFOPLIST_FILE = S5/Info.plist;
				LD_RUNPATH_SEARCH_PATHS = (
					"$(inherited)",
					"@executable_path/Frameworks",
				);
				LIBRARY_SEARCH_PATHS = (
					"$(inherited)",
					"$(PROJECT_DIR)/S5/Snowboy\\ Files",
				);
				PRODUCT_BUNDLE_IDENTIFIER = manjii.com.S5;
				PRODUCT_NAME = "$(TARGET_NAME)";
				SWIFT_OBJC_BRIDGING_HEADER = "S5/Snowboy Files/S5-Bridging-Header.h";
				SWIFT_OPTIMIZATION_LEVEL = "-Onone";
				SWIFT_VERSION = 4.0;
				TARGETED_DEVICE_FAMILY = "1,2";
			};
			name = Debug;
		};
		8FC8931820F0E3960062E74B /* Release */ = {
			isa = XCBuildConfiguration;
			buildSettings = {
				ASSETCATALOG_COMPILER_APPICON_NAME = AppIcon;
				CLANG_ENABLE_MODULES = YES;
				CODE_SIGN_STYLE = Automatic;
				DEVELOPMENT_TEAM = 64LEQXTB98;
				FRAMEWORK_SEARCH_PATHS = (
					"$(inherited)",
					"$(PROJECT_DIR)/Carthage/Build/iOS",
				);
				INFOPLIST_FILE = S5/Info.plist;
				LD_RUNPATH_SEARCH_PATHS = (
					"$(inherited)",
					"@executable_path/Frameworks",
				);
				LIBRARY_SEARCH_PATHS = (
					"$(inherited)",
					"$(PROJECT_DIR)/S5/Snowboy\\ Files",
				);
				PRODUCT_BUNDLE_IDENTIFIER = manjii.com.S5;
				PRODUCT_NAME = "$(TARGET_NAME)";
				SWIFT_OBJC_BRIDGING_HEADER = "S5/Snowboy Files/S5-Bridging-Header.h";
				SWIFT_VERSION = 4.0;
				TARGETED_DEVICE_FAMILY = "1,2";
			};
			name = Release;
		};
		8FC8931A20F0E3960062E74B /* Debug */ = {
			isa = XCBuildConfiguration;
			buildSettings = {
				ALWAYS_EMBED_SWIFT_STANDARD_LIBRARIES = YES;
				BUNDLE_LOADER = "$(TEST_HOST)";
				CODE_SIGN_STYLE = Automatic;
				INFOPLIST_FILE = S5Tests/Info.plist;
				LD_RUNPATH_SEARCH_PATHS = (
					"$(inherited)",
					"@executable_path/Frameworks",
					"@loader_path/Frameworks",
				);
				PRODUCT_BUNDLE_IDENTIFIER = manjii.com.S5Tests;
				PRODUCT_NAME = "$(TARGET_NAME)";
				SWIFT_VERSION = 4.0;
				TARGETED_DEVICE_FAMILY = "1,2";
				TEST_HOST = "$(BUILT_PRODUCTS_DIR)/S5.app/S5";
			};
			name = Debug;
		};
		8FC8931B20F0E3960062E74B /* Release */ = {
			isa = XCBuildConfiguration;
			buildSettings = {
				ALWAYS_EMBED_SWIFT_STANDARD_LIBRARIES = YES;
				BUNDLE_LOADER = "$(TEST_HOST)";
				CODE_SIGN_STYLE = Automatic;
				INFOPLIST_FILE = S5Tests/Info.plist;
				LD_RUNPATH_SEARCH_PATHS = (
					"$(inherited)",
					"@executable_path/Frameworks",
					"@loader_path/Frameworks",
				);
				PRODUCT_BUNDLE_IDENTIFIER = manjii.com.S5Tests;
				PRODUCT_NAME = "$(TARGET_NAME)";
				SWIFT_VERSION = 4.0;
				TARGETED_DEVICE_FAMILY = "1,2";
				TEST_HOST = "$(BUILT_PRODUCTS_DIR)/S5.app/S5";
			};
			name = Release;
		};
		8FC8931D20F0E3960062E74B /* Debug */ = {
			isa = XCBuildConfiguration;
			buildSettings = {
				ALWAYS_EMBED_SWIFT_STANDARD_LIBRARIES = YES;
				CODE_SIGN_STYLE = Automatic;
				INFOPLIST_FILE = S5UITests/Info.plist;
				LD_RUNPATH_SEARCH_PATHS = (
					"$(inherited)",
					"@executable_path/Frameworks",
					"@loader_path/Frameworks",
				);
				PRODUCT_BUNDLE_IDENTIFIER = manjii.com.S5UITests;
				PRODUCT_NAME = "$(TARGET_NAME)";
				SWIFT_VERSION = 4.0;
				TARGETED_DEVICE_FAMILY = "1,2";
				TEST_TARGET_NAME = S5;
			};
			name = Debug;
		};
		8FC8931E20F0E3960062E74B /* Release */ = {
			isa = XCBuildConfiguration;
			buildSettings = {
				ALWAYS_EMBED_SWIFT_STANDARD_LIBRARIES = YES;
				CODE_SIGN_STYLE = Automatic;
				INFOPLIST_FILE = S5UITests/Info.plist;
				LD_RUNPATH_SEARCH_PATHS = (
					"$(inherited)",
					"@executable_path/Frameworks",
					"@loader_path/Frameworks",
				);
				PRODUCT_BUNDLE_IDENTIFIER = manjii.com.S5UITests;
				PRODUCT_NAME = "$(TARGET_NAME)";
				SWIFT_VERSION = 4.0;
				TARGETED_DEVICE_FAMILY = "1,2";
				TEST_TARGET_NAME = S5;
			};
			name = Release;
		};
/* End XCBuildConfiguration section */

/* Begin XCConfigurationList section */
		8FC892E920F0E3940062E74B /* Build configuration list for PBXProject "S5" */ = {
			isa = XCConfigurationList;
			buildConfigurations = (
				8FC8931420F0E3960062E74B /* Debug */,
				8FC8931520F0E3960062E74B /* Release */,
			);
			defaultConfigurationIsVisible = 0;
			defaultConfigurationName = Release;
		};
		8FC8931620F0E3960062E74B /* Build configuration list for PBXNativeTarget "S5" */ = {
			isa = XCConfigurationList;
			buildConfigurations = (
				8FC8931720F0E3960062E74B /* Debug */,
				8FC8931820F0E3960062E74B /* Release */,
			);
			defaultConfigurationIsVisible = 0;
			defaultConfigurationName = Release;
		};
		8FC8931920F0E3960062E74B /* Build configuration list for PBXNativeTarget "S5Tests" */ = {
			isa = XCConfigurationList;
			buildConfigurations = (
				8FC8931A20F0E3960062E74B /* Debug */,
				8FC8931B20F0E3960062E74B /* Release */,
			);
			defaultConfigurationIsVisible = 0;
			defaultConfigurationName = Release;
		};
		8FC8931C20F0E3960062E74B /* Build configuration list for PBXNativeTarget "S5UITests" */ = {
			isa = XCConfigurationList;
			buildConfigurations = (
				8FC8931D20F0E3960062E74B /* Debug */,
				8FC8931E20F0E3960062E74B /* Release */,
			);
			defaultConfigurationIsVisible = 0;
			defaultConfigurationName = Release;
		};
/* End XCConfigurationList section */
	};
	rootObject = 8FC892E620F0E3940062E74B /* Project object */;
}
