// !$*UTF8*$!
{
	archiveVersion = 1;
	classes = {
	};
	objectVersion = 50;
	objects = {

/* Begin PBXBuildFile section */
		8FC892F220F0E3940062E74B /* AppDelegate.swift in Sources */ = {isa = PBXBuildFile; fileRef = 8FC892F120F0E3940062E74B /* AppDelegate.swift */; };
		8FC892F420F0E3940062E74B /* ViewController.swift in Sources */ = {isa = PBXBuildFile; fileRef = 8FC892F320F0E3940062E74B /* ViewController.swift */; };
		8FC892F720F0E3940062E74B /* Main.storyboard in Resources */ = {isa = PBXBuildFile; fileRef = 8FC892F520F0E3940062E74B /* Main.storyboard */; };
		8FC892F920F0E3950062E74B /* Assets.xcassets in Resources */ = {isa = PBXBuildFile; fileRef = 8FC892F820F0E3950062E74B /* Assets.xcassets */; };
		8FC892FC20F0E3950062E74B /* LaunchScreen.storyboard in Resources */ = {isa = PBXBuildFile; fileRef = 8FC892FA20F0E3950062E74B /* LaunchScreen.storyboard */; };
		8FC8930720F0E3950062E74B /* S5Tests.swift in Sources */ = {isa = PBXBuildFile; fileRef = 8FC8930620F0E3950062E74B /* S5Tests.swift */; };
		8FC8931220F0E3960062E74B /* S5UITests.swift in Sources */ = {isa = PBXBuildFile; fileRef = 8FC8931120F0E3960062E74B /* S5UITests.swift */; };
/* End PBXBuildFile section */

/* Begin PBXContainerItemProxy section */
		8FC8930320F0E3950062E74B /* PBXContainerItemProxy */ = {
			isa = PBXContainerItemProxy;
			containerPortal = 8FC892E620F0E3940062E74B /* Project object */;
			proxyType = 1;
			remoteGlobalIDString = 8FC892ED20F0E3940062E74B;
			remoteInfo = S5;
		};
		8FC8930E20F0E3960062E74B /* PBXContainerItemProxy */ = {
			isa = PBXContainerItemProxy;
			containerPortal = 8FC892E620F0E3940062E74B /* Project object */;
			proxyType = 1;
			remoteGlobalIDString = 8FC892ED20F0E3940062E74B;
			remoteInfo = S5;
		};
/* End PBXContainerItemProxy section */

/* Begin PBXFileReference section */
		8FC892EE20F0E3940062E74B /* S5.app */ = {isa = PBXFileReference; explicitFileType = wrapper.application; includeInIndex = 0; path = S5.app; sourceTree = BUILT_PRODUCTS_DIR; };
		8FC892F120F0E3940062E74B /* AppDelegate.swift */ = {isa = PBXFileReference; lastKnownFileType = sourcecode.swift; path = AppDelegate.swift; sourceTree = "<group>"; };
		8FC892F320F0E3940062E74B /* ViewController.swift */ = {isa = PBXFileReference; lastKnownFileType = sourcecode.swift; path = ViewController.swift; sourceTree = "<group>"; };
		8FC892F620F0E3940062E74B /* Base */ = {isa = PBXFileReference; lastKnownFileType = file.storyboard; name = Base; path = Base.lproj/Main.storyboard; sourceTree = "<group>"; };
		8FC892F820F0E3950062E74B /* Assets.xcassets */ = {isa = PBXFileReference; lastKnownFileType = folder.assetcatalog; path = Assets.xcassets; sourceTree = "<group>"; };
		8FC892FB20F0E3950062E74B /* Base */ = {isa = PBXFileReference; lastKnownFileType = file.storyboard; name = Base; path = Base.lproj/LaunchScreen.storyboard; sourceTree = "<group>"; };
		8FC892FD20F0E3950062E74B /* Info.plist */ = {isa = PBXFileReference; lastKnownFileType = text.plist.xml; path = Info.plist; sourceTree = "<group>"; };
		8FC8930220F0E3950062E74B /* S5Tests.xctest */ = {isa = PBXFileReference; explicitFileType = wrapper.cfbundle; includeInIndex = 0; path = S5Tests.xctest; sourceTree = BUILT_PRODUCTS_DIR; };
		8FC8930620F0E3950062E74B /* S5Tests.swift */ = {isa = PBXFileReference; lastKnownFileType = sourcecode.swift; path = S5Tests.swift; sourceTree = "<group>"; };
		8FC8930820F0E3950062E74B /* Info.plist */ = {isa = PBXFileReference; lastKnownFileType = text.plist.xml; path = Info.plist; sourceTree = "<group>"; };
		8FC8930D20F0E3960062E74B /* S5UITests.xctest */ = {isa = PBXFileReference; explicitFileType = wrapper.cfbundle; includeInIndex = 0; path = S5UITests.xctest; sourceTree = BUILT_PRODUCTS_DIR; };
		8FC8931120F0E3960062E74B /* S5UITests.swift */ = {isa = PBXFileReference; lastKnownFileType = sourcecode.swift; path = S5UITests.swift; sourceTree = "<group>"; };
		8FC8931320F0E3960062E74B /* Info.plist */ = {isa = PBXFileReference; lastKnownFileType = text.plist.xml; path = Info.plist; sourceTree = "<group>"; };
/* End PBXFileReference section */

/* Begin PBXFrameworksBuildPhase section */
		8FC892EB20F0E3940062E74B /* Frameworks */ = {
			isa = PBXFrameworksBuildPhase;
			buildActionMask = 2147483647;
			files = (
			);
			runOnlyForDeploymentPostprocessing = 0;
		};
		8FC892FF20F0E3950062E74B /* Frameworks */ = {
			isa = PBXFrameworksBuildPhase;
			buildActionMask = 2147483647;
			files = (
			);
			runOnlyForDeploymentPostprocessing = 0;
		};
		8FC8930A20F0E3960062E74B /* Frameworks */ = {
			isa = PBXFrameworksBuildPhase;
			buildActionMask = 2147483647;
			files = (
			);
			runOnlyForDeploymentPostprocessing = 0;
		};
/* End PBXFrameworksBuildPhase section */

/* Begin PBXGroup section */
		8FC892E520F0E3940062E74B = {
			isa = PBXGroup;
			children = (
				8FC892F020F0E3940062E74B /* S5 */,
				8FC8930520F0E3950062E74B /* S5Tests */,
				8FC8931020F0E3960062E74B /* S5UITests */,
				8FC892EF20F0E3940062E74B /* Products */,
			);
			sourceTree = "<group>";
		};
		8FC892EF20F0E3940062E74B /* Products */ = {
			isa = PBXGroup;
			children = (
				8FC892EE20F0E3940062E74B /* S5.app */,
				8FC8930220F0E3950062E74B /* S5Tests.xctest */,
				8FC8930D20F0E3960062E74B /* S5UITests.xctest */,
			);
			name = Products;
			sourceTree = "<group>";
		};
		8FC892F020F0E3940062E74B /* S5 */ = {
			isa = PBXGroup;
			children = (
				8FC892F120F0E3940062E74B /* AppDelegate.swift */,
				8FC892F320F0E3940062E74B /* ViewController.swift */,
				8FC892F520F0E3940062E74B /* Main.storyboard */,
				8FC892F820F0E3950062E74B /* Assets.xcassets */,
				8FC892FA20F0E3950062E74B /* LaunchScreen.storyboard */,
				8FC892FD20F0E3950062E74B /* Info.plist */,
			);
			path = S5;
			sourceTree = "<group>";
		};
		8FC8930520F0E3950062E74B /* S5Tests */ = {
			isa = PBXGroup;
			children = (
				8FC8930620F0E3950062E74B /* S5Tests.swift */,
				8FC8930820F0E3950062E74B /* Info.plist */,
			);
			path = S5Tests;
			sourceTree = "<group>";
		};
		8FC8931020F0E3960062E74B /* S5UITests */ = {
			isa = PBXGroup;
			children = (
				8FC8931120F0E3960062E74B /* S5UITests.swift */,
				8FC8931320F0E3960062E74B /* Info.plist */,
			);
			path = S5UITests;
			sourceTree = "<group>";
		};
/* End PBXGroup section */

/* Begin PBXNativeTarget section */
		8FC892ED20F0E3940062E74B /* S5 */ = {
			isa = PBXNativeTarget;
			buildConfigurationList = 8FC8931620F0E3960062E74B /* Build configuration list for PBXNativeTarget "S5" */;
			buildPhases = (
				8FC892EA20F0E3940062E74B /* Sources */,
				8FC892EB20F0E3940062E74B /* Frameworks */,
				8FC892EC20F0E3940062E74B /* Resources */,
			);
			buildRules = (
			);
			dependencies = (
			);
			name = S5;
			productName = S5;
			productReference = 8FC892EE20F0E3940062E74B /* S5.app */;
			productType = "com.apple.product-type.application";
		};
		8FC8930120F0E3950062E74B /* S5Tests */ = {
			isa = PBXNativeTarget;
			buildConfigurationList = 8FC8931920F0E3960062E74B /* Build configuration list for PBXNativeTarget "S5Tests" */;
			buildPhases = (
				8FC892FE20F0E3950062E74B /* Sources */,
				8FC892FF20F0E3950062E74B /* Frameworks */,
				8FC8930020F0E3950062E74B /* Resources */,
			);
			buildRules = (
			);
			dependencies = (
				8FC8930420F0E3950062E74B /* PBXTargetDependency */,
			);
			name = S5Tests;
			productName = S5Tests;
			productReference = 8FC8930220F0E3950062E74B /* S5Tests.xctest */;
			productType = "com.apple.product-type.bundle.unit-test";
		};
		8FC8930C20F0E3960062E74B /* S5UITests */ = {
			isa = PBXNativeTarget;
			buildConfigurationList = 8FC8931C20F0E3960062E74B /* Build configuration list for PBXNativeTarget "S5UITests" */;
			buildPhases = (
				8FC8930920F0E3960062E74B /* Sources */,
				8FC8930A20F0E3960062E74B /* Frameworks */,
				8FC8930B20F0E3960062E74B /* Resources */,
			);
			buildRules = (
			);
			dependencies = (
				8FC8930F20F0E3960062E74B /* PBXTargetDependency */,
			);
			name = S5UITests;
			productName = S5UITests;
			productReference = 8FC8930D20F0E3960062E74B /* S5UITests.xctest */;
			productType = "com.apple.product-type.bundle.ui-testing";
		};
/* End PBXNativeTarget section */

/* Begin PBXProject section */
		8FC892E620F0E3940062E74B /* Project object */ = {
			isa = PBXProject;
			attributes = {
				LastSwiftUpdateCheck = 0930;
				LastUpgradeCheck = 0930;
				ORGANIZATIONNAME = manji;
				TargetAttributes = {
					8FC892ED20F0E3940062E74B = {
						CreatedOnToolsVersion = 9.3;
					};
					8FC8930120F0E3950062E74B = {
						CreatedOnToolsVersion = 9.3;
						TestTargetID = 8FC892ED20F0E3940062E74B;
					};
					8FC8930C20F0E3960062E74B = {
						CreatedOnToolsVersion = 9.3;
						TestTargetID = 8FC892ED20F0E3940062E74B;
					};
				};
			};
			buildConfigurationList = 8FC892E920F0E3940062E74B /* Build configuration list for PBXProject "S5" */;
			compatibilityVersion = "Xcode 9.3";
			developmentRegion = en;
			hasScannedForEncodings = 0;
			knownRegions = (
				en,
				Base,
			);
			mainGroup = 8FC892E520F0E3940062E74B;
			productRefGroup = 8FC892EF20F0E3940062E74B /* Products */;
			projectDirPath = "";
			projectRoot = "";
			targets = (
				8FC892ED20F0E3940062E74B /* S5 */,
				8FC8930120F0E3950062E74B /* S5Tests */,
				8FC8930C20F0E3960062E74B /* S5UITests */,
			);
		};
/* End PBXProject section */

/* Begin PBXResourcesBuildPhase section */
		8FC892EC20F0E3940062E74B /* Resources */ = {
			isa = PBXResourcesBuildPhase;
			buildActionMask = 2147483647;
			files = (
				8FC892FC20F0E3950062E74B /* LaunchScreen.storyboard in Resources */,
				8FC892F920F0E3950062E74B /* Assets.xcassets in Resources */,
				8FC892F720F0E3940062E74B /* Main.storyboard in Resources */,
			);
			runOnlyForDeploymentPostprocessing = 0;
		};
		8FC8930020F0E3950062E74B /* Resources */ = {
			isa = PBXResourcesBuildPhase;
			buildActionMask = 2147483647;
			files = (
			);
			runOnlyForDeploymentPostprocessing = 0;
		};
		8FC8930B20F0E3960062E74B /* Resources */ = {
			isa = PBXResourcesBuildPhase;
			buildActionMask = 2147483647;
			files = (
			);
			runOnlyForDeploymentPostprocessing = 0;
		};
/* End PBXResourcesBuildPhase section */

/* Begin PBXSourcesBuildPhase section */
		8FC892EA20F0E3940062E74B /* Sources */ = {
			isa = PBXSourcesBuildPhase;
			buildActionMask = 2147483647;
			files = (
				8FC892F420F0E3940062E74B /* ViewController.swift in Sources */,
				8FC892F220F0E3940062E74B /* AppDelegate.swift in Sources */,
			);
			runOnlyForDeploymentPostprocessing = 0;
		};
		8FC892FE20F0E3950062E74B /* Sources */ = {
			isa = PBXSourcesBuildPhase;
			buildActionMask = 2147483647;
			files = (
				8FC8930720F0E3950062E74B /* S5Tests.swift in Sources */,
			);
			runOnlyForDeploymentPostprocessing = 0;
		};
		8FC8930920F0E3960062E74B /* Sources */ = {
			isa = PBXSourcesBuildPhase;
			buildActionMask = 2147483647;
			files = (
				8FC8931220F0E3960062E74B /* S5UITests.swift in Sources */,
			);
			runOnlyForDeploymentPostprocessing = 0;
		};
/* End PBXSourcesBuildPhase section */

/* Begin PBXTargetDependency section */
		8FC8930420F0E3950062E74B /* PBXTargetDependency */ = {
			isa = PBXTargetDependency;
			target = 8FC892ED20F0E3940062E74B /* S5 */;
			targetProxy = 8FC8930320F0E3950062E74B /* PBXContainerItemProxy */;
		};
		8FC8930F20F0E3960062E74B /* PBXTargetDependency */ = {
			isa = PBXTargetDependency;
			target = 8FC892ED20F0E3940062E74B /* S5 */;
			targetProxy = 8FC8930E20F0E3960062E74B /* PBXContainerItemProxy */;
		};
/* End PBXTargetDependency section */

/* Begin PBXVariantGroup section */
		8FC892F520F0E3940062E74B /* Main.storyboard */ = {
			isa = PBXVariantGroup;
			children = (
				8FC892F620F0E3940062E74B /* Base */,
			);
			name = Main.storyboard;
			sourceTree = "<group>";
		};
		8FC892FA20F0E3950062E74B /* LaunchScreen.storyboard */ = {
			isa = PBXVariantGroup;
			children = (
				8FC892FB20F0E3950062E74B /* Base */,
			);
			name = LaunchScreen.storyboard;
			sourceTree = "<group>";
		};
/* End PBXVariantGroup section */

/* Begin XCBuildConfiguration section */
		8FC8931420F0E3960062E74B /* Debug */ = {
			isa = XCBuildConfiguration;
			buildSettings = {
				ALWAYS_SEARCH_USER_PATHS = NO;
				CLANG_ANALYZER_NONNULL = YES;
				CLANG_ANALYZER_NUMBER_OBJECT_CONVERSION = YES_AGGRESSIVE;
				CLANG_CXX_LANGUAGE_STANDARD = "gnu++14";
				CLANG_CXX_LIBRARY = "libc++";
				CLANG_ENABLE_MODULES = YES;
				CLANG_ENABLE_OBJC_ARC = YES;
				CLANG_ENABLE_OBJC_WEAK = YES;
				CLANG_WARN_BLOCK_CAPTURE_AUTORELEASING = YES;
				CLANG_WARN_BOOL_CONVERSION = YES;
				CLANG_WARN_COMMA = YES;
				CLANG_WARN_CONSTANT_CONVERSION = YES;
				CLANG_WARN_DEPRECATED_OBJC_IMPLEMENTATIONS = YES;
				CLANG_WARN_DIRECT_OBJC_ISA_USAGE = YES_ERROR;
				CLANG_WARN_DOCUMENTATION_COMMENTS = YES;
				CLANG_WARN_EMPTY_BODY = YES;
				CLANG_WARN_ENUM_CONVERSION = YES;
				CLANG_WARN_INFINITE_RECURSION = YES;
				CLANG_WARN_INT_CONVERSION = YES;
				CLANG_WARN_NON_LITERAL_NULL_CONVERSION = YES;
				CLANG_WARN_OBJC_IMPLICIT_RETAIN_SELF = YES;
				CLANG_WARN_OBJC_LITERAL_CONVERSION = YES;
				CLANG_WARN_OBJC_ROOT_CLASS = YES_ERROR;
				CLANG_WARN_RANGE_LOOP_ANALYSIS = YES;
				CLANG_WARN_STRICT_PROTOTYPES = YES;
				CLANG_WARN_SUSPICIOUS_MOVE = YES;
				CLANG_WARN_UNGUARDED_AVAILABILITY = YES_AGGRESSIVE;
				CLANG_WARN_UNREACHABLE_CODE = YES;
				CLANG_WARN__DUPLICATE_METHOD_MATCH = YES;
				CODE_SIGN_IDENTITY = "iPhone Developer";
				COPY_PHASE_STRIP = NO;
				DEBUG_INFORMATION_FORMAT = dwarf;
				ENABLE_STRICT_OBJC_MSGSEND = YES;
				ENABLE_TESTABILITY = YES;
				GCC_C_LANGUAGE_STANDARD = gnu11;
				GCC_DYNAMIC_NO_PIC = NO;
				GCC_NO_COMMON_BLOCKS = YES;
				GCC_OPTIMIZATION_LEVEL = 0;
				GCC_PREPROCESSOR_DEFINITIONS = (
					"DEBUG=1",
					"$(inherited)",
				);
				GCC_WARN_64_TO_32_BIT_CONVERSION = YES;
				GCC_WARN_ABOUT_RETURN_TYPE = YES_ERROR;
				GCC_WARN_UNDECLARED_SELECTOR = YES;
				GCC_WARN_UNINITIALIZED_AUTOS = YES_AGGRESSIVE;
				GCC_WARN_UNUSED_FUNCTION = YES;
				GCC_WARN_UNUSED_VARIABLE = YES;
				IPHONEOS_DEPLOYMENT_TARGET = 11.3;
				MTL_ENABLE_DEBUG_INFO = YES;
				ONLY_ACTIVE_ARCH = YES;
				SDKROOT = iphoneos;
				SWIFT_ACTIVE_COMPILATION_CONDITIONS = DEBUG;
				SWIFT_OPTIMIZATION_LEVEL = "-Onone";
			};
			name = Debug;
		};
		8FC8931520F0E3960062E74B /* Release */ = {
			isa = XCBuildConfiguration;
			buildSettings = {
				ALWAYS_SEARCH_USER_PATHS = NO;
				CLANG_ANALYZER_NONNULL = YES;
				CLANG_ANALYZER_NUMBER_OBJECT_CONVERSION = YES_AGGRESSIVE;
				CLANG_CXX_LANGUAGE_STANDARD = "gnu++14";
				CLANG_CXX_LIBRARY = "libc++";
				CLANG_ENABLE_MODULES = YES;
				CLANG_ENABLE_OBJC_ARC = YES;
				CLANG_ENABLE_OBJC_WEAK = YES;
				CLANG_WARN_BLOCK_CAPTURE_AUTORELEASING = YES;
				CLANG_WARN_BOOL_CONVERSION = YES;
				CLANG_WARN_COMMA = YES;
				CLANG_WARN_CONSTANT_CONVERSION = YES;
				CLANG_WARN_DEPRECATED_OBJC_IMPLEMENTATIONS = YES;
				CLANG_WARN_DIRECT_OBJC_ISA_USAGE = YES_ERROR;
				CLANG_WARN_DOCUMENTATION_COMMENTS = YES;
				CLANG_WARN_EMPTY_BODY = YES;
				CLANG_WARN_ENUM_CONVERSION = YES;
				CLANG_WARN_INFINITE_RECURSION = YES;
				CLANG_WARN_INT_CONVERSION = YES;
				CLANG_WARN_NON_LITERAL_NULL_CONVERSION = YES;
				CLANG_WARN_OBJC_IMPLICIT_RETAIN_SELF = YES;
				CLANG_WARN_OBJC_LITERAL_CONVERSION = YES;
				CLANG_WARN_OBJC_ROOT_CLASS = YES_ERROR;
				CLANG_WARN_RANGE_LOOP_ANALYSIS = YES;
				CLANG_WARN_STRICT_PROTOTYPES = YES;
				CLANG_WARN_SUSPICIOUS_MOVE = YES;
				CLANG_WARN_UNGUARDED_AVAILABILITY = YES_AGGRESSIVE;
				CLANG_WARN_UNREACHABLE_CODE = YES;
				CLANG_WARN__DUPLICATE_METHOD_MATCH = YES;
				CODE_SIGN_IDENTITY = "iPhone Developer";
				COPY_PHASE_STRIP = NO;
				DEBUG_INFORMATION_FORMAT = "dwarf-with-dsym";
				ENABLE_NS_ASSERTIONS = NO;
				ENABLE_STRICT_OBJC_MSGSEND = YES;
				GCC_C_LANGUAGE_STANDARD = gnu11;
				GCC_NO_COMMON_BLOCKS = YES;
				GCC_WARN_64_TO_32_BIT_CONVERSION = YES;
				GCC_WARN_ABOUT_RETURN_TYPE = YES_ERROR;
				GCC_WARN_UNDECLARED_SELECTOR = YES;
				GCC_WARN_UNINITIALIZED_AUTOS = YES_AGGRESSIVE;
				GCC_WARN_UNUSED_FUNCTION = YES;
				GCC_WARN_UNUSED_VARIABLE = YES;
				IPHONEOS_DEPLOYMENT_TARGET = 11.3;
				MTL_ENABLE_DEBUG_INFO = NO;
				SDKROOT = iphoneos;
				SWIFT_COMPILATION_MODE = wholemodule;
				SWIFT_OPTIMIZATION_LEVEL = "-O";
				VALIDATE_PRODUCT = YES;
			};
			name = Release;
		};
		8FC8931720F0E3960062E74B /* Debug */ = {
			isa = XCBuildConfiguration;
			buildSettings = {
				ASSETCATALOG_COMPILER_APPICON_NAME = AppIcon;
				CODE_SIGN_STYLE = Automatic;
				INFOPLIST_FILE = S5/Info.plist;
				LD_RUNPATH_SEARCH_PATHS = (
					"$(inherited)",
					"@executable_path/Frameworks",
				);
				PRODUCT_BUNDLE_IDENTIFIER = manjii.com.S5;
				PRODUCT_NAME = "$(TARGET_NAME)";
				SWIFT_VERSION = 4.0;
				TARGETED_DEVICE_FAMILY = "1,2";
			};
			name = Debug;
		};
		8FC8931820F0E3960062E74B /* Release */ = {
			isa = XCBuildConfiguration;
			buildSettings = {
				ASSETCATALOG_COMPILER_APPICON_NAME = AppIcon;
				CODE_SIGN_STYLE = Automatic;
				INFOPLIST_FILE = S5/Info.plist;
				LD_RUNPATH_SEARCH_PATHS = (
					"$(inherited)",
					"@executable_path/Frameworks",
				);
				PRODUCT_BUNDLE_IDENTIFIER = manjii.com.S5;
				PRODUCT_NAME = "$(TARGET_NAME)";
				SWIFT_VERSION = 4.0;
				TARGETED_DEVICE_FAMILY = "1,2";
			};
			name = Release;
		};
		8FC8931A20F0E3960062E74B /* Debug */ = {
			isa = XCBuildConfiguration;
			buildSettings = {
				ALWAYS_EMBED_SWIFT_STANDARD_LIBRARIES = YES;
				BUNDLE_LOADER = "$(TEST_HOST)";
				CODE_SIGN_STYLE = Automatic;
				INFOPLIST_FILE = S5Tests/Info.plist;
				LD_RUNPATH_SEARCH_PATHS = (
					"$(inherited)",
					"@executable_path/Frameworks",
					"@loader_path/Frameworks",
				);
				PRODUCT_BUNDLE_IDENTIFIER = manjii.com.S5Tests;
				PRODUCT_NAME = "$(TARGET_NAME)";
				SWIFT_VERSION = 4.0;
				TARGETED_DEVICE_FAMILY = "1,2";
				TEST_HOST = "$(BUILT_PRODUCTS_DIR)/S5.app/S5";
			};
			name = Debug;
		};
		8FC8931B20F0E3960062E74B /* Release */ = {
			isa = XCBuildConfiguration;
			buildSettings = {
				ALWAYS_EMBED_SWIFT_STANDARD_LIBRARIES = YES;
				BUNDLE_LOADER = "$(TEST_HOST)";
				CODE_SIGN_STYLE = Automatic;
				INFOPLIST_FILE = S5Tests/Info.plist;
				LD_RUNPATH_SEARCH_PATHS = (
					"$(inherited)",
					"@executable_path/Frameworks",
					"@loader_path/Frameworks",
				);
				PRODUCT_BUNDLE_IDENTIFIER = manjii.com.S5Tests;
				PRODUCT_NAME = "$(TARGET_NAME)";
				SWIFT_VERSION = 4.0;
				TARGETED_DEVICE_FAMILY = "1,2";
				TEST_HOST = "$(BUILT_PRODUCTS_DIR)/S5.app/S5";
			};
			name = Release;
		};
		8FC8931D20F0E3960062E74B /* Debug */ = {
			isa = XCBuildConfiguration;
			buildSettings = {
				ALWAYS_EMBED_SWIFT_STANDARD_LIBRARIES = YES;
				CODE_SIGN_STYLE = Automatic;
				INFOPLIST_FILE = S5UITests/Info.plist;
				LD_RUNPATH_SEARCH_PATHS = (
					"$(inherited)",
					"@executable_path/Frameworks",
					"@loader_path/Frameworks",
				);
				PRODUCT_BUNDLE_IDENTIFIER = manjii.com.S5UITests;
				PRODUCT_NAME = "$(TARGET_NAME)";
				SWIFT_VERSION = 4.0;
				TARGETED_DEVICE_FAMILY = "1,2";
				TEST_TARGET_NAME = S5;
			};
			name = Debug;
		};
		8FC8931E20F0E3960062E74B /* Release */ = {
			isa = XCBuildConfiguration;
			buildSettings = {
				ALWAYS_EMBED_SWIFT_STANDARD_LIBRARIES = YES;
				CODE_SIGN_STYLE = Automatic;
				INFOPLIST_FILE = S5UITests/Info.plist;
				LD_RUNPATH_SEARCH_PATHS = (
					"$(inherited)",
					"@executable_path/Frameworks",
					"@loader_path/Frameworks",
				);
				PRODUCT_BUNDLE_IDENTIFIER = manjii.com.S5UITests;
				PRODUCT_NAME = "$(TARGET_NAME)";
				SWIFT_VERSION = 4.0;
				TARGETED_DEVICE_FAMILY = "1,2";
				TEST_TARGET_NAME = S5;
			};
			name = Release;
		};
/* End XCBuildConfiguration section */

/* Begin XCConfigurationList section */
		8FC892E920F0E3940062E74B /* Build configuration list for PBXProject "S5" */ = {
			isa = XCConfigurationList;
			buildConfigurations = (
				8FC8931420F0E3960062E74B /* Debug */,
				8FC8931520F0E3960062E74B /* Release */,
			);
			defaultConfigurationIsVisible = 0;
			defaultConfigurationName = Release;
		};
		8FC8931620F0E3960062E74B /* Build configuration list for PBXNativeTarget "S5" */ = {
			isa = XCConfigurationList;
			buildConfigurations = (
				8FC8931720F0E3960062E74B /* Debug */,
				8FC8931820F0E3960062E74B /* Release */,
			);
			defaultConfigurationIsVisible = 0;
			defaultConfigurationName = Release;
		};
		8FC8931920F0E3960062E74B /* Build configuration list for PBXNativeTarget "S5Tests" */ = {
			isa = XCConfigurationList;
			buildConfigurations = (
				8FC8931A20F0E3960062E74B /* Debug */,
				8FC8931B20F0E3960062E74B /* Release */,
			);
			defaultConfigurationIsVisible = 0;
			defaultConfigurationName = Release;
		};
		8FC8931C20F0E3960062E74B /* Build configuration list for PBXNativeTarget "S5UITests" */ = {
			isa = XCConfigurationList;
			buildConfigurations = (
				8FC8931D20F0E3960062E74B /* Debug */,
				8FC8931E20F0E3960062E74B /* Release */,
			);
			defaultConfigurationIsVisible = 0;
			defaultConfigurationName = Release;
		};
/* End XCConfigurationList section */
	};
	rootObject = 8FC892E620F0E3940062E74B /* Project object */;
}
