// !$*UTF8*$!
{
	archiveVersion = 1;
	classes = {
	};
	objectVersion = 50;
	objects = {

/* Begin PBXBuildFile section */
		0D5136EA20F143760096FFE2 /* AITalkWebAPI.swift in Sources */ = {isa = PBXBuildFile; fileRef = 0D5136E920F143760096FFE2 /* AITalkWebAPI.swift */; };
		304C92FD052FABFA9B876389 /* Pods_S5Tests.framework in Frameworks */ = {isa = PBXBuildFile; fileRef = 1670BB1C8BB0C5FF22019B39 /* Pods_S5Tests.framework */; };
		8FC892F220F0E3940062E74B /* AppDelegate.swift in Sources */ = {isa = PBXBuildFile; fileRef = 8FC892F120F0E3940062E74B /* AppDelegate.swift */; };
		8FC892F420F0E3940062E74B /* ViewController.swift in Sources */ = {isa = PBXBuildFile; fileRef = 8FC892F320F0E3940062E74B /* ViewController.swift */; };
		8FC892F720F0E3940062E74B /* Main.storyboard in Resources */ = {isa = PBXBuildFile; fileRef = 8FC892F520F0E3940062E74B /* Main.storyboard */; };
		8FC892F920F0E3950062E74B /* Assets.xcassets in Resources */ = {isa = PBXBuildFile; fileRef = 8FC892F820F0E3950062E74B /* Assets.xcassets */; };
		8FC892FC20F0E3950062E74B /* LaunchScreen.storyboard in Resources */ = {isa = PBXBuildFile; fileRef = 8FC892FA20F0E3950062E74B /* LaunchScreen.storyboard */; };
		8FC8930720F0E3950062E74B /* S5Tests.swift in Sources */ = {isa = PBXBuildFile; fileRef = 8FC8930620F0E3950062E74B /* S5Tests.swift */; };
		8FC8931220F0E3960062E74B /* S5UITests.swift in Sources */ = {isa = PBXBuildFile; fileRef = 8FC8931120F0E3960062E74B /* S5UITests.swift */; };
		8FC8932220F0ED460062E74B /* SelectBasicViewController.swift in Sources */ = {isa = PBXBuildFile; fileRef = 8FC8932120F0ED460062E74B /* SelectBasicViewController.swift */; };
		8FC8932620F0FFC80062E74B /* souce in Resources */ = {isa = PBXBuildFile; fileRef = 8FC8932520F0FFC80062E74B /* souce */; };
		8FC8932820F104840062E74B /* CustomTableViewCell.swift in Sources */ = {isa = PBXBuildFile; fileRef = 8FC8932720F104840062E74B /* CustomTableViewCell.swift */; };
		B5591135EA30FCC9E753D1AF /* Pods_S5UITests.framework in Frameworks */ = {isa = PBXBuildFile; fileRef = 479A57F95B6762D31E1EF8B6 /* Pods_S5UITests.framework */; };
		C14D6BF6DE21297359595731 /* Pods_S5.framework in Frameworks */ = {isa = PBXBuildFile; fileRef = 40A04C6AFA39E6251094BACB /* Pods_S5.framework */; };
/* End PBXBuildFile section */

/* Begin PBXContainerItemProxy section */
		8FC8930320F0E3950062E74B /* PBXContainerItemProxy */ = {
			isa = PBXContainerItemProxy;
			containerPortal = 8FC892E620F0E3940062E74B /* Project object */;
			proxyType = 1;
			remoteGlobalIDString = 8FC892ED20F0E3940062E74B;
			remoteInfo = S5;
		};
		8FC8930E20F0E3960062E74B /* PBXContainerItemProxy */ = {
			isa = PBXContainerItemProxy;
			containerPortal = 8FC892E620F0E3940062E74B /* Project object */;
			proxyType = 1;
			remoteGlobalIDString = 8FC892ED20F0E3940062E74B;
			remoteInfo = S5;
		};
/* End PBXContainerItemProxy section */

/* Begin PBXFileReference section */
		0D5136E920F143760096FFE2 /* AITalkWebAPI.swift */ = {isa = PBXFileReference; fileEncoding = 4; lastKnownFileType = sourcecode.swift; path = AITalkWebAPI.swift; sourceTree = "<group>"; };
		1670BB1C8BB0C5FF22019B39 /* Pods_S5Tests.framework */ = {isa = PBXFileReference; explicitFileType = wrapper.framework; includeInIndex = 0; path = Pods_S5Tests.framework; sourceTree = BUILT_PRODUCTS_DIR; };
		2F7FB87C564A52022E97CD74 /* Pods-S5UITests.release.xcconfig */ = {isa = PBXFileReference; includeInIndex = 1; lastKnownFileType = text.xcconfig; name = "Pods-S5UITests.release.xcconfig"; path = "Pods/Target Support Files/Pods-S5UITests/Pods-S5UITests.release.xcconfig"; sourceTree = "<group>"; };
		40A04C6AFA39E6251094BACB /* Pods_S5.framework */ = {isa = PBXFileReference; explicitFileType = wrapper.framework; includeInIndex = 0; path = Pods_S5.framework; sourceTree = BUILT_PRODUCTS_DIR; };
		479A57F95B6762D31E1EF8B6 /* Pods_S5UITests.framework */ = {isa = PBXFileReference; explicitFileType = wrapper.framework; includeInIndex = 0; path = Pods_S5UITests.framework; sourceTree = BUILT_PRODUCTS_DIR; };
		735E496681D04B3C091DEFCF /* Pods-S5UITests.debug.xcconfig */ = {isa = PBXFileReference; includeInIndex = 1; lastKnownFileType = text.xcconfig; name = "Pods-S5UITests.debug.xcconfig"; path = "Pods/Target Support Files/Pods-S5UITests/Pods-S5UITests.debug.xcconfig"; sourceTree = "<group>"; };
		7F90FAD83E5753809B55118A /* Pods-S5.release.xcconfig */ = {isa = PBXFileReference; includeInIndex = 1; lastKnownFileType = text.xcconfig; name = "Pods-S5.release.xcconfig"; path = "Pods/Target Support Files/Pods-S5/Pods-S5.release.xcconfig"; sourceTree = "<group>"; };
		8350982D6D5A1CD3F9B1D751 /* Pods-S5Tests.debug.xcconfig */ = {isa = PBXFileReference; includeInIndex = 1; lastKnownFileType = text.xcconfig; name = "Pods-S5Tests.debug.xcconfig"; path = "Pods/Target Support Files/Pods-S5Tests/Pods-S5Tests.debug.xcconfig"; sourceTree = "<group>"; };
		8FC892EE20F0E3940062E74B /* S5.app */ = {isa = PBXFileReference; explicitFileType = wrapper.application; includeInIndex = 0; path = S5.app; sourceTree = BUILT_PRODUCTS_DIR; };
		8FC892F120F0E3940062E74B /* AppDelegate.swift */ = {isa = PBXFileReference; lastKnownFileType = sourcecode.swift; path = AppDelegate.swift; sourceTree = "<group>"; };
		8FC892F320F0E3940062E74B /* ViewController.swift */ = {isa = PBXFileReference; lastKnownFileType = sourcecode.swift; path = ViewController.swift; sourceTree = "<group>"; };
		8FC892F620F0E3940062E74B /* Base */ = {isa = PBXFileReference; lastKnownFileType = file.storyboard; name = Base; path = Base.lproj/Main.storyboard; sourceTree = "<group>"; };
		8FC892F820F0E3950062E74B /* Assets.xcassets */ = {isa = PBXFileReference; lastKnownFileType = folder.assetcatalog; path = Assets.xcassets; sourceTree = "<group>"; };
		8FC892FB20F0E3950062E74B /* Base */ = {isa = PBXFileReference; lastKnownFileType = file.storyboard; name = Base; path = Base.lproj/LaunchScreen.storyboard; sourceTree = "<group>"; };
		8FC892FD20F0E3950062E74B /* Info.plist */ = {isa = PBXFileReference; lastKnownFileType = text.plist.xml; path = Info.plist; sourceTree = "<group>"; };
		8FC8930220F0E3950062E74B /* S5Tests.xctest */ = {isa = PBXFileReference; explicitFileType = wrapper.cfbundle; includeInIndex = 0; path = S5Tests.xctest; sourceTree = BUILT_PRODUCTS_DIR; };
		8FC8930620F0E3950062E74B /* S5Tests.swift */ = {isa = PBXFileReference; lastKnownFileType = sourcecode.swift; path = S5Tests.swift; sourceTree = "<group>"; };
		8FC8930820F0E3950062E74B /* Info.plist */ = {isa = PBXFileReference; lastKnownFileType = text.plist.xml; path = Info.plist; sourceTree = "<group>"; };
		8FC8930D20F0E3960062E74B /* S5UITests.xctest */ = {isa = PBXFileReference; explicitFileType = wrapper.cfbundle; includeInIndex = 0; path = S5UITests.xctest; sourceTree = BUILT_PRODUCTS_DIR; };
		8FC8931120F0E3960062E74B /* S5UITests.swift */ = {isa = PBXFileReference; lastKnownFileType = sourcecode.swift; path = S5UITests.swift; sourceTree = "<group>"; };
		8FC8931320F0E3960062E74B /* Info.plist */ = {isa = PBXFileReference; lastKnownFileType = text.plist.xml; path = Info.plist; sourceTree = "<group>"; };
		8FC8932120F0ED460062E74B /* SelectBasicViewController.swift */ = {isa = PBXFileReference; lastKnownFileType = sourcecode.swift; path = SelectBasicViewController.swift; sourceTree = "<group>"; };
		8FC8932520F0FFC80062E74B /* souce */ = {isa = PBXFileReference; lastKnownFileType = folder; path = souce; sourceTree = "<group>"; };
		8FC8932720F104840062E74B /* CustomTableViewCell.swift */ = {isa = PBXFileReference; lastKnownFileType = sourcecode.swift; path = CustomTableViewCell.swift; sourceTree = "<group>"; };
		94448FB42B586215D8348756 /* Pods-S5Tests.release.xcconfig */ = {isa = PBXFileReference; includeInIndex = 1; lastKnownFileType = text.xcconfig; name = "Pods-S5Tests.release.xcconfig"; path = "Pods/Target Support Files/Pods-S5Tests/Pods-S5Tests.release.xcconfig"; sourceTree = "<group>"; };
		C5380F5B1EA42554121B6485 /* Pods-S5.debug.xcconfig */ = {isa = PBXFileReference; includeInIndex = 1; lastKnownFileType = text.xcconfig; name = "Pods-S5.debug.xcconfig"; path = "Pods/Target Support Files/Pods-S5/Pods-S5.debug.xcconfig"; sourceTree = "<group>"; };
/* End PBXFileReference section */

/* Begin PBXFrameworksBuildPhase section */
		8FC892EB20F0E3940062E74B /* Frameworks */ = {
			isa = PBXFrameworksBuildPhase;
			buildActionMask = 2147483647;
			files = (
				C14D6BF6DE21297359595731 /* Pods_S5.framework in Frameworks */,
			);
			runOnlyForDeploymentPostprocessing = 0;
		};
		8FC892FF20F0E3950062E74B /* Frameworks */ = {
			isa = PBXFrameworksBuildPhase;
			buildActionMask = 2147483647;
			files = (
				304C92FD052FABFA9B876389 /* Pods_S5Tests.framework in Frameworks */,
			);
			runOnlyForDeploymentPostprocessing = 0;
		};
		8FC8930A20F0E3960062E74B /* Frameworks */ = {
			isa = PBXFrameworksBuildPhase;
			buildActionMask = 2147483647;
			files = (
				B5591135EA30FCC9E753D1AF /* Pods_S5UITests.framework in Frameworks */,
			);
			runOnlyForDeploymentPostprocessing = 0;
		};
/* End PBXFrameworksBuildPhase section */

/* Begin PBXGroup section */
		0AE010432AA5420F19977423 /* Pods */ = {
			isa = PBXGroup;
			children = (
				C5380F5B1EA42554121B6485 /* Pods-S5.debug.xcconfig */,
				7F90FAD83E5753809B55118A /* Pods-S5.release.xcconfig */,
				8350982D6D5A1CD3F9B1D751 /* Pods-S5Tests.debug.xcconfig */,
				94448FB42B586215D8348756 /* Pods-S5Tests.release.xcconfig */,
				735E496681D04B3C091DEFCF /* Pods-S5UITests.debug.xcconfig */,
				2F7FB87C564A52022E97CD74 /* Pods-S5UITests.release.xcconfig */,
			);
			name = Pods;
			sourceTree = "<group>";
		};
		8FC892E520F0E3940062E74B = {
			isa = PBXGroup;
			children = (
				8FC892F020F0E3940062E74B /* S5 */,
				8FC8930520F0E3950062E74B /* S5Tests */,
				8FC8931020F0E3960062E74B /* S5UITests */,
				8FC892EF20F0E3940062E74B /* Products */,
				0AE010432AA5420F19977423 /* Pods */,
				BBA59BF07A70FCECFDE80C40 /* Frameworks */,
			);
			sourceTree = "<group>";
		};
		8FC892EF20F0E3940062E74B /* Products */ = {
			isa = PBXGroup;
			children = (
				8FC892EE20F0E3940062E74B /* S5.app */,
				8FC8930220F0E3950062E74B /* S5Tests.xctest */,
				8FC8930D20F0E3960062E74B /* S5UITests.xctest */,
			);
			name = Products;
			sourceTree = "<group>";
		};
		8FC892F020F0E3940062E74B /* S5 */ = {
			isa = PBXGroup;
			children = (
				8FC8932520F0FFC80062E74B /* souce */,
				8FC892F120F0E3940062E74B /* AppDelegate.swift */,
				8FC892F320F0E3940062E74B /* ViewController.swift */,
				8FC8932120F0ED460062E74B /* SelectBasicViewController.swift */,
				0D5136E920F143760096FFE2 /* AITalkWebAPI.swift */,
				8FC8932720F104840062E74B /* CustomTableViewCell.swift */,
				8FC892F520F0E3940062E74B /* Main.storyboard */,
				8FC892F820F0E3950062E74B /* Assets.xcassets */,
				8FC892FA20F0E3950062E74B /* LaunchScreen.storyboard */,
				8FC892FD20F0E3950062E74B /* Info.plist */,
			);
			path = S5;
			sourceTree = "<group>";
		};
		8FC8930520F0E3950062E74B /* S5Tests */ = {
			isa = PBXGroup;
			children = (
				8FC8930620F0E3950062E74B /* S5Tests.swift */,
				8FC8930820F0E3950062E74B /* Info.plist */,
			);
			path = S5Tests;
			sourceTree = "<group>";
		};
		8FC8931020F0E3960062E74B /* S5UITests */ = {
			isa = PBXGroup;
			children = (
				8FC8931120F0E3960062E74B /* S5UITests.swift */,
				8FC8931320F0E3960062E74B /* Info.plist */,
			);
			path = S5UITests;
			sourceTree = "<group>";
		};
		BBA59BF07A70FCECFDE80C40 /* Frameworks */ = {
			isa = PBXGroup;
			children = (
				40A04C6AFA39E6251094BACB /* Pods_S5.framework */,
				1670BB1C8BB0C5FF22019B39 /* Pods_S5Tests.framework */,
				479A57F95B6762D31E1EF8B6 /* Pods_S5UITests.framework */,
			);
			name = Frameworks;
			sourceTree = "<group>";
		};
/* End PBXGroup section */

/* Begin PBXNativeTarget section */
		8FC892ED20F0E3940062E74B /* S5 */ = {
			isa = PBXNativeTarget;
			buildConfigurationList = 8FC8931620F0E3960062E74B /* Build configuration list for PBXNativeTarget "S5" */;
			buildPhases = (
				CBA881E8E41CD41BCEEA110C /* [CP] Check Pods Manifest.lock */,
				8FC892EA20F0E3940062E74B /* Sources */,
				8FC892EB20F0E3940062E74B /* Frameworks */,
				8FC892EC20F0E3940062E74B /* Resources */,
				2C836ADA9B6784B9EA2859E8 /* [CP] Embed Pods Frameworks */,
			);
			buildRules = (
			);
			dependencies = (
			);
			name = S5;
			productName = S5;
			productReference = 8FC892EE20F0E3940062E74B /* S5.app */;
			productType = "com.apple.product-type.application";
		};
		8FC8930120F0E3950062E74B /* S5Tests */ = {
			isa = PBXNativeTarget;
			buildConfigurationList = 8FC8931920F0E3960062E74B /* Build configuration list for PBXNativeTarget "S5Tests" */;
			buildPhases = (
				56EA2E7B37481DDA208233C2 /* [CP] Check Pods Manifest.lock */,
				8FC892FE20F0E3950062E74B /* Sources */,
				8FC892FF20F0E3950062E74B /* Frameworks */,
				8FC8930020F0E3950062E74B /* Resources */,
			);
			buildRules = (
			);
			dependencies = (
				8FC8930420F0E3950062E74B /* PBXTargetDependency */,
			);
			name = S5Tests;
			productName = S5Tests;
			productReference = 8FC8930220F0E3950062E74B /* S5Tests.xctest */;
			productType = "com.apple.product-type.bundle.unit-test";
		};
		8FC8930C20F0E3960062E74B /* S5UITests */ = {
			isa = PBXNativeTarget;
			buildConfigurationList = 8FC8931C20F0E3960062E74B /* Build configuration list for PBXNativeTarget "S5UITests" */;
			buildPhases = (
				382CCF5E68E83C29D81D4393 /* [CP] Check Pods Manifest.lock */,
				8FC8930920F0E3960062E74B /* Sources */,
				8FC8930A20F0E3960062E74B /* Frameworks */,
				8FC8930B20F0E3960062E74B /* Resources */,
			);
			buildRules = (
			);
			dependencies = (
				8FC8930F20F0E3960062E74B /* PBXTargetDependency */,
			);
			name = S5UITests;
			productName = S5UITests;
			productReference = 8FC8930D20F0E3960062E74B /* S5UITests.xctest */;
			productType = "com.apple.product-type.bundle.ui-testing";
		};
/* End PBXNativeTarget section */

/* Begin PBXProject section */
		8FC892E620F0E3940062E74B /* Project object */ = {
			isa = PBXProject;
			attributes = {
				LastSwiftUpdateCheck = 0930;
				LastUpgradeCheck = 0930;
				ORGANIZATIONNAME = manji;
				TargetAttributes = {
					8FC892ED20F0E3940062E74B = {
						CreatedOnToolsVersion = 9.3;
					};
					8FC8930120F0E3950062E74B = {
						CreatedOnToolsVersion = 9.3;
						TestTargetID = 8FC892ED20F0E3940062E74B;
					};
					8FC8930C20F0E3960062E74B = {
						CreatedOnToolsVersion = 9.3;
						TestTargetID = 8FC892ED20F0E3940062E74B;
					};
				};
			};
			buildConfigurationList = 8FC892E920F0E3940062E74B /* Build configuration list for PBXProject "S5" */;
			compatibilityVersion = "Xcode 9.3";
			developmentRegion = en;
			hasScannedForEncodings = 0;
			knownRegions = (
				en,
				Base,
			);
			mainGroup = 8FC892E520F0E3940062E74B;
			productRefGroup = 8FC892EF20F0E3940062E74B /* Products */;
			projectDirPath = "";
			projectRoot = "";
			targets = (
				8FC892ED20F0E3940062E74B /* S5 */,
				8FC8930120F0E3950062E74B /* S5Tests */,
				8FC8930C20F0E3960062E74B /* S5UITests */,
			);
		};
/* End PBXProject section */

/* Begin PBXResourcesBuildPhase section */
		8FC892EC20F0E3940062E74B /* Resources */ = {
			isa = PBXResourcesBuildPhase;
			buildActionMask = 2147483647;
			files = (
				8FC8932620F0FFC80062E74B /* souce in Resources */,
				8FC892FC20F0E3950062E74B /* LaunchScreen.storyboard in Resources */,
				8FC892F920F0E3950062E74B /* Assets.xcassets in Resources */,
				8FC892F720F0E3940062E74B /* Main.storyboard in Resources */,
			);
			runOnlyForDeploymentPostprocessing = 0;
		};
		8FC8930020F0E3950062E74B /* Resources */ = {
			isa = PBXResourcesBuildPhase;
			buildActionMask = 2147483647;
			files = (
			);
			runOnlyForDeploymentPostprocessing = 0;
		};
		8FC8930B20F0E3960062E74B /* Resources */ = {
			isa = PBXResourcesBuildPhase;
			buildActionMask = 2147483647;
			files = (
			);
			runOnlyForDeploymentPostprocessing = 0;
		};
/* End PBXResourcesBuildPhase section */

/* Begin PBXShellScriptBuildPhase section */
		2C836ADA9B6784B9EA2859E8 /* [CP] Embed Pods Frameworks */ = {
			isa = PBXShellScriptBuildPhase;
			buildActionMask = 2147483647;
			files = (
			);
			inputPaths = (
				"${SRCROOT}/Pods/Target Support Files/Pods-S5/Pods-S5-frameworks.sh",
				"${BUILT_PRODUCTS_DIR}/Alamofire/Alamofire.framework",
				"${BUILT_PRODUCTS_DIR}/SwiftyJSON/SwiftyJSON.framework",
			);
			name = "[CP] Embed Pods Frameworks";
			outputPaths = (
				"${TARGET_BUILD_DIR}/${FRAMEWORKS_FOLDER_PATH}/Alamofire.framework",
				"${TARGET_BUILD_DIR}/${FRAMEWORKS_FOLDER_PATH}/SwiftyJSON.framework",
			);
			runOnlyForDeploymentPostprocessing = 0;
			shellPath = /bin/sh;
			shellScript = "\"${SRCROOT}/Pods/Target Support Files/Pods-S5/Pods-S5-frameworks.sh\"\n";
			showEnvVarsInLog = 0;
		};
		382CCF5E68E83C29D81D4393 /* [CP] Check Pods Manifest.lock */ = {
			isa = PBXShellScriptBuildPhase;
			buildActionMask = 2147483647;
			files = (
			);
			inputPaths = (
				"${PODS_PODFILE_DIR_PATH}/Podfile.lock",
				"${PODS_ROOT}/Manifest.lock",
			);
			name = "[CP] Check Pods Manifest.lock";
			outputPaths = (
				"$(DERIVED_FILE_DIR)/Pods-S5UITests-checkManifestLockResult.txt",
			);
			runOnlyForDeploymentPostprocessing = 0;
			shellPath = /bin/sh;
			shellScript = "diff \"${PODS_PODFILE_DIR_PATH}/Podfile.lock\" \"${PODS_ROOT}/Manifest.lock\" > /dev/null\nif [ $? != 0 ] ; then\n    # print error to STDERR\n    echo \"error: The sandbox is not in sync with the Podfile.lock. Run 'pod install' or update your CocoaPods installation.\" >&2\n    exit 1\nfi\n# This output is used by Xcode 'outputs' to avoid re-running this script phase.\necho \"SUCCESS\" > \"${SCRIPT_OUTPUT_FILE_0}\"\n";
			showEnvVarsInLog = 0;
		};
		56EA2E7B37481DDA208233C2 /* [CP] Check Pods Manifest.lock */ = {
			isa = PBXShellScriptBuildPhase;
			buildActionMask = 2147483647;
			files = (
			);
			inputPaths = (
				"${PODS_PODFILE_DIR_PATH}/Podfile.lock",
				"${PODS_ROOT}/Manifest.lock",
			);
			name = "[CP] Check Pods Manifest.lock";
			outputPaths = (
				"$(DERIVED_FILE_DIR)/Pods-S5Tests-checkManifestLockResult.txt",
			);
			runOnlyForDeploymentPostprocessing = 0;
			shellPath = /bin/sh;
			shellScript = "diff \"${PODS_PODFILE_DIR_PATH}/Podfile.lock\" \"${PODS_ROOT}/Manifest.lock\" > /dev/null\nif [ $? != 0 ] ; then\n    # print error to STDERR\n    echo \"error: The sandbox is not in sync with the Podfile.lock. Run 'pod install' or update your CocoaPods installation.\" >&2\n    exit 1\nfi\n# This output is used by Xcode 'outputs' to avoid re-running this script phase.\necho \"SUCCESS\" > \"${SCRIPT_OUTPUT_FILE_0}\"\n";
			showEnvVarsInLog = 0;
		};
		CBA881E8E41CD41BCEEA110C /* [CP] Check Pods Manifest.lock */ = {
			isa = PBXShellScriptBuildPhase;
			buildActionMask = 2147483647;
			files = (
			);
			inputPaths = (
				"${PODS_PODFILE_DIR_PATH}/Podfile.lock",
				"${PODS_ROOT}/Manifest.lock",
			);
			name = "[CP] Check Pods Manifest.lock";
			outputPaths = (
				"$(DERIVED_FILE_DIR)/Pods-S5-checkManifestLockResult.txt",
			);
			runOnlyForDeploymentPostprocessing = 0;
			shellPath = /bin/sh;
			shellScript = "diff \"${PODS_PODFILE_DIR_PATH}/Podfile.lock\" \"${PODS_ROOT}/Manifest.lock\" > /dev/null\nif [ $? != 0 ] ; then\n    # print error to STDERR\n    echo \"error: The sandbox is not in sync with the Podfile.lock. Run 'pod install' or update your CocoaPods installation.\" >&2\n    exit 1\nfi\n# This output is used by Xcode 'outputs' to avoid re-running this script phase.\necho \"SUCCESS\" > \"${SCRIPT_OUTPUT_FILE_0}\"\n";
			showEnvVarsInLog = 0;
		};
/* End PBXShellScriptBuildPhase section */

/* Begin PBXSourcesBuildPhase section */
		8FC892EA20F0E3940062E74B /* Sources */ = {
			isa = PBXSourcesBuildPhase;
			buildActionMask = 2147483647;
			files = (
				8FC892F420F0E3940062E74B /* ViewController.swift in Sources */,
				8FC8932220F0ED460062E74B /* SelectBasicViewController.swift in Sources */,
				8FC8932820F104840062E74B /* CustomTableViewCell.swift in Sources */,
				8FC892F220F0E3940062E74B /* AppDelegate.swift in Sources */,
				0D5136EA20F143760096FFE2 /* AITalkWebAPI.swift in Sources */,
			);
			runOnlyForDeploymentPostprocessing = 0;
		};
		8FC892FE20F0E3950062E74B /* Sources */ = {
			isa = PBXSourcesBuildPhase;
			buildActionMask = 2147483647;
			files = (
				8FC8930720F0E3950062E74B /* S5Tests.swift in Sources */,
			);
			runOnlyForDeploymentPostprocessing = 0;
		};
		8FC8930920F0E3960062E74B /* Sources */ = {
			isa = PBXSourcesBuildPhase;
			buildActionMask = 2147483647;
			files = (
				8FC8931220F0E3960062E74B /* S5UITests.swift in Sources */,
			);
			runOnlyForDeploymentPostprocessing = 0;
		};
/* End PBXSourcesBuildPhase section */

/* Begin PBXTargetDependency section */
		8FC8930420F0E3950062E74B /* PBXTargetDependency */ = {
			isa = PBXTargetDependency;
			target = 8FC892ED20F0E3940062E74B /* S5 */;
			targetProxy = 8FC8930320F0E3950062E74B /* PBXContainerItemProxy */;
		};
		8FC8930F20F0E3960062E74B /* PBXTargetDependency */ = {
			isa = PBXTargetDependency;
			target = 8FC892ED20F0E3940062E74B /* S5 */;
			targetProxy = 8FC8930E20F0E3960062E74B /* PBXContainerItemProxy */;
		};
/* End PBXTargetDependency section */

/* Begin PBXVariantGroup section */
		8FC892F520F0E3940062E74B /* Main.storyboard */ = {
			isa = PBXVariantGroup;
			children = (
				8FC892F620F0E3940062E74B /* Base */,
			);
			name = Main.storyboard;
			sourceTree = "<group>";
		};
		8FC892FA20F0E3950062E74B /* LaunchScreen.storyboard */ = {
			isa = PBXVariantGroup;
			children = (
				8FC892FB20F0E3950062E74B /* Base */,
			);
			name = LaunchScreen.storyboard;
			sourceTree = "<group>";
		};
/* End PBXVariantGroup section */

/* Begin XCBuildConfiguration section */
		8FC8931420F0E3960062E74B /* Debug */ = {
			isa = XCBuildConfiguration;
			buildSettings = {
				ALWAYS_SEARCH_USER_PATHS = NO;
				CLANG_ANALYZER_NONNULL = YES;
				CLANG_ANALYZER_NUMBER_OBJECT_CONVERSION = YES_AGGRESSIVE;
				CLANG_CXX_LANGUAGE_STANDARD = "gnu++14";
				CLANG_CXX_LIBRARY = "libc++";
				CLANG_ENABLE_MODULES = YES;
				CLANG_ENABLE_OBJC_ARC = YES;
				CLANG_ENABLE_OBJC_WEAK = YES;
				CLANG_WARN_BLOCK_CAPTURE_AUTORELEASING = YES;
				CLANG_WARN_BOOL_CONVERSION = YES;
				CLANG_WARN_COMMA = YES;
				CLANG_WARN_CONSTANT_CONVERSION = YES;
				CLANG_WARN_DEPRECATED_OBJC_IMPLEMENTATIONS = YES;
				CLANG_WARN_DIRECT_OBJC_ISA_USAGE = YES_ERROR;
				CLANG_WARN_DOCUMENTATION_COMMENTS = YES;
				CLANG_WARN_EMPTY_BODY = YES;
				CLANG_WARN_ENUM_CONVERSION = YES;
				CLANG_WARN_INFINITE_RECURSION = YES;
				CLANG_WARN_INT_CONVERSION = YES;
				CLANG_WARN_NON_LITERAL_NULL_CONVERSION = YES;
				CLANG_WARN_OBJC_IMPLICIT_RETAIN_SELF = YES;
				CLANG_WARN_OBJC_LITERAL_CONVERSION = YES;
				CLANG_WARN_OBJC_ROOT_CLASS = YES_ERROR;
				CLANG_WARN_RANGE_LOOP_ANALYSIS = YES;
				CLANG_WARN_STRICT_PROTOTYPES = YES;
				CLANG_WARN_SUSPICIOUS_MOVE = YES;
				CLANG_WARN_UNGUARDED_AVAILABILITY = YES_AGGRESSIVE;
				CLANG_WARN_UNREACHABLE_CODE = YES;
				CLANG_WARN__DUPLICATE_METHOD_MATCH = YES;
				CODE_SIGN_IDENTITY = "iPhone Developer";
				COPY_PHASE_STRIP = NO;
				DEBUG_INFORMATION_FORMAT = dwarf;
				ENABLE_STRICT_OBJC_MSGSEND = YES;
				ENABLE_TESTABILITY = YES;
				GCC_C_LANGUAGE_STANDARD = gnu11;
				GCC_DYNAMIC_NO_PIC = NO;
				GCC_NO_COMMON_BLOCKS = YES;
				GCC_OPTIMIZATION_LEVEL = 0;
				GCC_PREPROCESSOR_DEFINITIONS = (
					"DEBUG=1",
					"$(inherited)",
				);
				GCC_WARN_64_TO_32_BIT_CONVERSION = YES;
				GCC_WARN_ABOUT_RETURN_TYPE = YES_ERROR;
				GCC_WARN_UNDECLARED_SELECTOR = YES;
				GCC_WARN_UNINITIALIZED_AUTOS = YES_AGGRESSIVE;
				GCC_WARN_UNUSED_FUNCTION = YES;
				GCC_WARN_UNUSED_VARIABLE = YES;
				IPHONEOS_DEPLOYMENT_TARGET = 11.3;
				MTL_ENABLE_DEBUG_INFO = YES;
				ONLY_ACTIVE_ARCH = YES;
				SDKROOT = iphoneos;
				SWIFT_ACTIVE_COMPILATION_CONDITIONS = DEBUG;
				SWIFT_OPTIMIZATION_LEVEL = "-Onone";
			};
			name = Debug;
		};
		8FC8931520F0E3960062E74B /* Release */ = {
			isa = XCBuildConfiguration;
			buildSettings = {
				ALWAYS_SEARCH_USER_PATHS = NO;
				CLANG_ANALYZER_NONNULL = YES;
				CLANG_ANALYZER_NUMBER_OBJECT_CONVERSION = YES_AGGRESSIVE;
				CLANG_CXX_LANGUAGE_STANDARD = "gnu++14";
				CLANG_CXX_LIBRARY = "libc++";
				CLANG_ENABLE_MODULES = YES;
				CLANG_ENABLE_OBJC_ARC = YES;
				CLANG_ENABLE_OBJC_WEAK = YES;
				CLANG_WARN_BLOCK_CAPTURE_AUTORELEASING = YES;
				CLANG_WARN_BOOL_CONVERSION = YES;
				CLANG_WARN_COMMA = YES;
				CLANG_WARN_CONSTANT_CONVERSION = YES;
				CLANG_WARN_DEPRECATED_OBJC_IMPLEMENTATIONS = YES;
				CLANG_WARN_DIRECT_OBJC_ISA_USAGE = YES_ERROR;
				CLANG_WARN_DOCUMENTATION_COMMENTS = YES;
				CLANG_WARN_EMPTY_BODY = YES;
				CLANG_WARN_ENUM_CONVERSION = YES;
				CLANG_WARN_INFINITE_RECURSION = YES;
				CLANG_WARN_INT_CONVERSION = YES;
				CLANG_WARN_NON_LITERAL_NULL_CONVERSION = YES;
				CLANG_WARN_OBJC_IMPLICIT_RETAIN_SELF = YES;
				CLANG_WARN_OBJC_LITERAL_CONVERSION = YES;
				CLANG_WARN_OBJC_ROOT_CLASS = YES_ERROR;
				CLANG_WARN_RANGE_LOOP_ANALYSIS = YES;
				CLANG_WARN_STRICT_PROTOTYPES = YES;
				CLANG_WARN_SUSPICIOUS_MOVE = YES;
				CLANG_WARN_UNGUARDED_AVAILABILITY = YES_AGGRESSIVE;
				CLANG_WARN_UNREACHABLE_CODE = YES;
				CLANG_WARN__DUPLICATE_METHOD_MATCH = YES;
				CODE_SIGN_IDENTITY = "iPhone Developer";
				COPY_PHASE_STRIP = NO;
				DEBUG_INFORMATION_FORMAT = "dwarf-with-dsym";
				ENABLE_NS_ASSERTIONS = NO;
				ENABLE_STRICT_OBJC_MSGSEND = YES;
				GCC_C_LANGUAGE_STANDARD = gnu11;
				GCC_NO_COMMON_BLOCKS = YES;
				GCC_WARN_64_TO_32_BIT_CONVERSION = YES;
				GCC_WARN_ABOUT_RETURN_TYPE = YES_ERROR;
				GCC_WARN_UNDECLARED_SELECTOR = YES;
				GCC_WARN_UNINITIALIZED_AUTOS = YES_AGGRESSIVE;
				GCC_WARN_UNUSED_FUNCTION = YES;
				GCC_WARN_UNUSED_VARIABLE = YES;
				IPHONEOS_DEPLOYMENT_TARGET = 11.3;
				MTL_ENABLE_DEBUG_INFO = NO;
				SDKROOT = iphoneos;
				SWIFT_COMPILATION_MODE = wholemodule;
				SWIFT_OPTIMIZATION_LEVEL = "-O";
				VALIDATE_PRODUCT = YES;
			};
			name = Release;
		};
		8FC8931720F0E3960062E74B /* Debug */ = {
			isa = XCBuildConfiguration;
			baseConfigurationReference = C5380F5B1EA42554121B6485 /* Pods-S5.debug.xcconfig */;
			buildSettings = {
				ASSETCATALOG_COMPILER_APPICON_NAME = AppIcon;
				CODE_SIGN_STYLE = Automatic;
				INFOPLIST_FILE = S5/Info.plist;
				LD_RUNPATH_SEARCH_PATHS = (
					"$(inherited)",
					"@executable_path/Frameworks",
				);
				PRODUCT_BUNDLE_IDENTIFIER = manjii.com.S5;
				PRODUCT_NAME = "$(TARGET_NAME)";
				SWIFT_VERSION = 4.0;
				TARGETED_DEVICE_FAMILY = "1,2";
			};
			name = Debug;
		};
		8FC8931820F0E3960062E74B /* Release */ = {
			isa = XCBuildConfiguration;
			baseConfigurationReference = 7F90FAD83E5753809B55118A /* Pods-S5.release.xcconfig */;
			buildSettings = {
				ASSETCATALOG_COMPILER_APPICON_NAME = AppIcon;
				CODE_SIGN_STYLE = Automatic;
				INFOPLIST_FILE = S5/Info.plist;
				LD_RUNPATH_SEARCH_PATHS = (
					"$(inherited)",
					"@executable_path/Frameworks",
				);
				PRODUCT_BUNDLE_IDENTIFIER = manjii.com.S5;
				PRODUCT_NAME = "$(TARGET_NAME)";
				SWIFT_VERSION = 4.0;
				TARGETED_DEVICE_FAMILY = "1,2";
			};
			name = Release;
		};
		8FC8931A20F0E3960062E74B /* Debug */ = {
			isa = XCBuildConfiguration;
			baseConfigurationReference = 8350982D6D5A1CD3F9B1D751 /* Pods-S5Tests.debug.xcconfig */;
			buildSettings = {
				ALWAYS_EMBED_SWIFT_STANDARD_LIBRARIES = YES;
				BUNDLE_LOADER = "$(TEST_HOST)";
				CODE_SIGN_STYLE = Automatic;
				INFOPLIST_FILE = S5Tests/Info.plist;
				LD_RUNPATH_SEARCH_PATHS = (
					"$(inherited)",
					"@executable_path/Frameworks",
					"@loader_path/Frameworks",
				);
				PRODUCT_BUNDLE_IDENTIFIER = manjii.com.S5Tests;
				PRODUCT_NAME = "$(TARGET_NAME)";
				SWIFT_VERSION = 4.0;
				TARGETED_DEVICE_FAMILY = "1,2";
				TEST_HOST = "$(BUILT_PRODUCTS_DIR)/S5.app/S5";
			};
			name = Debug;
		};
		8FC8931B20F0E3960062E74B /* Release */ = {
			isa = XCBuildConfiguration;
			baseConfigurationReference = 94448FB42B586215D8348756 /* Pods-S5Tests.release.xcconfig */;
			buildSettings = {
				ALWAYS_EMBED_SWIFT_STANDARD_LIBRARIES = YES;
				BUNDLE_LOADER = "$(TEST_HOST)";
				CODE_SIGN_STYLE = Automatic;
				INFOPLIST_FILE = S5Tests/Info.plist;
				LD_RUNPATH_SEARCH_PATHS = (
					"$(inherited)",
					"@executable_path/Frameworks",
					"@loader_path/Frameworks",
				);
				PRODUCT_BUNDLE_IDENTIFIER = manjii.com.S5Tests;
				PRODUCT_NAME = "$(TARGET_NAME)";
				SWIFT_VERSION = 4.0;
				TARGETED_DEVICE_FAMILY = "1,2";
				TEST_HOST = "$(BUILT_PRODUCTS_DIR)/S5.app/S5";
			};
			name = Release;
		};
		8FC8931D20F0E3960062E74B /* Debug */ = {
			isa = XCBuildConfiguration;
			baseConfigurationReference = 735E496681D04B3C091DEFCF /* Pods-S5UITests.debug.xcconfig */;
			buildSettings = {
				ALWAYS_EMBED_SWIFT_STANDARD_LIBRARIES = YES;
				CODE_SIGN_STYLE = Automatic;
				INFOPLIST_FILE = S5UITests/Info.plist;
				LD_RUNPATH_SEARCH_PATHS = (
					"$(inherited)",
					"@executable_path/Frameworks",
					"@loader_path/Frameworks",
				);
				PRODUCT_BUNDLE_IDENTIFIER = manjii.com.S5UITests;
				PRODUCT_NAME = "$(TARGET_NAME)";
				SWIFT_VERSION = 4.0;
				TARGETED_DEVICE_FAMILY = "1,2";
				TEST_TARGET_NAME = S5;
			};
			name = Debug;
		};
		8FC8931E20F0E3960062E74B /* Release */ = {
			isa = XCBuildConfiguration;
			baseConfigurationReference = 2F7FB87C564A52022E97CD74 /* Pods-S5UITests.release.xcconfig */;
			buildSettings = {
				ALWAYS_EMBED_SWIFT_STANDARD_LIBRARIES = YES;
				CODE_SIGN_STYLE = Automatic;
				INFOPLIST_FILE = S5UITests/Info.plist;
				LD_RUNPATH_SEARCH_PATHS = (
					"$(inherited)",
					"@executable_path/Frameworks",
					"@loader_path/Frameworks",
				);
				PRODUCT_BUNDLE_IDENTIFIER = manjii.com.S5UITests;
				PRODUCT_NAME = "$(TARGET_NAME)";
				SWIFT_VERSION = 4.0;
				TARGETED_DEVICE_FAMILY = "1,2";
				TEST_TARGET_NAME = S5;
			};
			name = Release;
		};
/* End XCBuildConfiguration section */

/* Begin XCConfigurationList section */
		8FC892E920F0E3940062E74B /* Build configuration list for PBXProject "S5" */ = {
			isa = XCConfigurationList;
			buildConfigurations = (
				8FC8931420F0E3960062E74B /* Debug */,
				8FC8931520F0E3960062E74B /* Release */,
			);
			defaultConfigurationIsVisible = 0;
			defaultConfigurationName = Release;
		};
		8FC8931620F0E3960062E74B /* Build configuration list for PBXNativeTarget "S5" */ = {
			isa = XCConfigurationList;
			buildConfigurations = (
				8FC8931720F0E3960062E74B /* Debug */,
				8FC8931820F0E3960062E74B /* Release */,
			);
			defaultConfigurationIsVisible = 0;
			defaultConfigurationName = Release;
		};
		8FC8931920F0E3960062E74B /* Build configuration list for PBXNativeTarget "S5Tests" */ = {
			isa = XCConfigurationList;
			buildConfigurations = (
				8FC8931A20F0E3960062E74B /* Debug */,
				8FC8931B20F0E3960062E74B /* Release */,
			);
			defaultConfigurationIsVisible = 0;
			defaultConfigurationName = Release;
		};
		8FC8931C20F0E3960062E74B /* Build configuration list for PBXNativeTarget "S5UITests" */ = {
			isa = XCConfigurationList;
			buildConfigurations = (
				8FC8931D20F0E3960062E74B /* Debug */,
				8FC8931E20F0E3960062E74B /* Release */,
			);
			defaultConfigurationIsVisible = 0;
			defaultConfigurationName = Release;
		};
/* End XCConfigurationList section */
	};
	rootObject = 8FC892E620F0E3940062E74B /* Project object */;
}
